// !$*UTF8*$!
{
	archiveVersion = 1;
	classes = {
	};
	objectVersion = 56;
	objects = {

/* Begin PBXBuildFile section */
		32DA5C7C13DC996004FE1E80 /* Pods_Lesson13_Lesson13UITests.framework in Frameworks */ = {isa = PBXBuildFile; fileRef = 1007D283F03271031C1DE7EB /* Pods_Lesson13_Lesson13UITests.framework */; };
		349841E33848C46088F380EA /* Pods_Lesson13.framework in Frameworks */ = {isa = PBXBuildFile; fileRef = 37A61702525E35D3BB1B82A2 /* Pods_Lesson13.framework */; };
		B76AC6BFB26CE85FD572463F /* Pods_Lesson13Tests.framework in Frameworks */ = {isa = PBXBuildFile; fileRef = 8EE8A76A48A0BBCB3C0E546A /* Pods_Lesson13Tests.framework */; };
		E31EFE642B6C8FC500E5A7E6 /* AppDelegate.swift in Sources */ = {isa = PBXBuildFile; fileRef = E31EFE632B6C8FC500E5A7E6 /* AppDelegate.swift */; };
		E31EFE662B6C8FC500E5A7E6 /* SceneDelegate.swift in Sources */ = {isa = PBXBuildFile; fileRef = E31EFE652B6C8FC500E5A7E6 /* SceneDelegate.swift */; };
		E31EFE682B6C8FC500E5A7E6 /* ViewController.swift in Sources */ = {isa = PBXBuildFile; fileRef = E31EFE672B6C8FC500E5A7E6 /* ViewController.swift */; };
		E31EFE6B2B6C8FC500E5A7E6 /* Main.storyboard in Resources */ = {isa = PBXBuildFile; fileRef = E31EFE692B6C8FC500E5A7E6 /* Main.storyboard */; };
		E31EFE6D2B6C8FC600E5A7E6 /* Assets.xcassets in Resources */ = {isa = PBXBuildFile; fileRef = E31EFE6C2B6C8FC600E5A7E6 /* Assets.xcassets */; };
		E31EFE702B6C8FC600E5A7E6 /* LaunchScreen.storyboard in Resources */ = {isa = PBXBuildFile; fileRef = E31EFE6E2B6C8FC600E5A7E6 /* LaunchScreen.storyboard */; };
		E31EFE7B2B6C8FC600E5A7E6 /* Lesson13Tests.swift in Sources */ = {isa = PBXBuildFile; fileRef = E31EFE7A2B6C8FC600E5A7E6 /* Lesson13Tests.swift */; };
		E31EFE852B6C8FC600E5A7E6 /* Lesson13UITests.swift in Sources */ = {isa = PBXBuildFile; fileRef = E31EFE842B6C8FC600E5A7E6 /* Lesson13UITests.swift */; };
		E31EFE872B6C8FC600E5A7E6 /* Lesson13UITestsLaunchTests.swift in Sources */ = {isa = PBXBuildFile; fileRef = E31EFE862B6C8FC600E5A7E6 /* Lesson13UITestsLaunchTests.swift */; };
		E31EFE952B6C944A00E5A7E6 /* TableCell.swift in Sources */ = {isa = PBXBuildFile; fileRef = E31EFE932B6C944A00E5A7E6 /* TableCell.swift */; };
		E31EFE962B6C944A00E5A7E6 /* TableCell.xib in Resources */ = {isa = PBXBuildFile; fileRef = E31EFE942B6C944A00E5A7E6 /* TableCell.xib */; };
		E31EFE982B6C97C500E5A7E6 /* Data.swift in Sources */ = {isa = PBXBuildFile; fileRef = E31EFE972B6C97C500E5A7E6 /* Data.swift */; };
		E31EFEA02B6CD67100E5A7E6 /* CurrentPriceVC.swift in Sources */ = {isa = PBXBuildFile; fileRef = E31EFE9F2B6CD67100E5A7E6 /* CurrentPriceVC.swift */; };
		E31EFEA32B6CED1E00E5A7E6 /* PriceCell.swift in Sources */ = {isa = PBXBuildFile; fileRef = E31EFEA12B6CED1E00E5A7E6 /* PriceCell.swift */; };
		E31EFEA42B6CED1E00E5A7E6 /* PriceCell.xib in Resources */ = {isa = PBXBuildFile; fileRef = E31EFEA22B6CED1E00E5A7E6 /* PriceCell.xib */; };
/* End PBXBuildFile section */

/* Begin PBXContainerItemProxy section */
		E31EFE772B6C8FC600E5A7E6 /* PBXContainerItemProxy */ = {
			isa = PBXContainerItemProxy;
			containerPortal = E31EFE582B6C8FC500E5A7E6 /* Project object */;
			proxyType = 1;
			remoteGlobalIDString = E31EFE5F2B6C8FC500E5A7E6;
			remoteInfo = Lesson13;
		};
		E31EFE812B6C8FC600E5A7E6 /* PBXContainerItemProxy */ = {
			isa = PBXContainerItemProxy;
			containerPortal = E31EFE582B6C8FC500E5A7E6 /* Project object */;
			proxyType = 1;
			remoteGlobalIDString = E31EFE5F2B6C8FC500E5A7E6;
			remoteInfo = Lesson13;
		};
/* End PBXContainerItemProxy section */

/* Begin PBXFileReference section */
		0D001C411487B1A43571E504 /* Pods-Lesson13.debug.xcconfig */ = {isa = PBXFileReference; includeInIndex = 1; lastKnownFileType = text.xcconfig; name = "Pods-Lesson13.debug.xcconfig"; path = "Target Support Files/Pods-Lesson13/Pods-Lesson13.debug.xcconfig"; sourceTree = "<group>"; };
		1007D283F03271031C1DE7EB /* Pods_Lesson13_Lesson13UITests.framework */ = {isa = PBXFileReference; explicitFileType = wrapper.framework; includeInIndex = 0; path = Pods_Lesson13_Lesson13UITests.framework; sourceTree = BUILT_PRODUCTS_DIR; };
		14BC576B3D9F11376BC07D3A /* Pods-Lesson13Tests.debug.xcconfig */ = {isa = PBXFileReference; includeInIndex = 1; lastKnownFileType = text.xcconfig; name = "Pods-Lesson13Tests.debug.xcconfig"; path = "Target Support Files/Pods-Lesson13Tests/Pods-Lesson13Tests.debug.xcconfig"; sourceTree = "<group>"; };
		37A61702525E35D3BB1B82A2 /* Pods_Lesson13.framework */ = {isa = PBXFileReference; explicitFileType = wrapper.framework; includeInIndex = 0; path = Pods_Lesson13.framework; sourceTree = BUILT_PRODUCTS_DIR; };
		8EE8A76A48A0BBCB3C0E546A /* Pods_Lesson13Tests.framework */ = {isa = PBXFileReference; explicitFileType = wrapper.framework; includeInIndex = 0; path = Pods_Lesson13Tests.framework; sourceTree = BUILT_PRODUCTS_DIR; };
		B15FEB9CB9E32A1488931E3A /* Pods-Lesson13Tests.release.xcconfig */ = {isa = PBXFileReference; includeInIndex = 1; lastKnownFileType = text.xcconfig; name = "Pods-Lesson13Tests.release.xcconfig"; path = "Target Support Files/Pods-Lesson13Tests/Pods-Lesson13Tests.release.xcconfig"; sourceTree = "<group>"; };
		BDA69B6F7438A7B8B31F8F75 /* Pods-Lesson13-Lesson13UITests.debug.xcconfig */ = {isa = PBXFileReference; includeInIndex = 1; lastKnownFileType = text.xcconfig; name = "Pods-Lesson13-Lesson13UITests.debug.xcconfig"; path = "Target Support Files/Pods-Lesson13-Lesson13UITests/Pods-Lesson13-Lesson13UITests.debug.xcconfig"; sourceTree = "<group>"; };
		E31EFE602B6C8FC500E5A7E6 /* Lesson13.app */ = {isa = PBXFileReference; explicitFileType = wrapper.application; includeInIndex = 0; path = Lesson13.app; sourceTree = BUILT_PRODUCTS_DIR; };
		E31EFE632B6C8FC500E5A7E6 /* AppDelegate.swift */ = {isa = PBXFileReference; lastKnownFileType = sourcecode.swift; path = AppDelegate.swift; sourceTree = "<group>"; };
		E31EFE652B6C8FC500E5A7E6 /* SceneDelegate.swift */ = {isa = PBXFileReference; lastKnownFileType = sourcecode.swift; path = SceneDelegate.swift; sourceTree = "<group>"; };
		E31EFE672B6C8FC500E5A7E6 /* ViewController.swift */ = {isa = PBXFileReference; lastKnownFileType = sourcecode.swift; path = ViewController.swift; sourceTree = "<group>"; };
		E31EFE6A2B6C8FC500E5A7E6 /* Base */ = {isa = PBXFileReference; lastKnownFileType = file.storyboard; name = Base; path = Base.lproj/Main.storyboard; sourceTree = "<group>"; };
		E31EFE6C2B6C8FC600E5A7E6 /* Assets.xcassets */ = {isa = PBXFileReference; lastKnownFileType = folder.assetcatalog; path = Assets.xcassets; sourceTree = "<group>"; };
		E31EFE6F2B6C8FC600E5A7E6 /* Base */ = {isa = PBXFileReference; lastKnownFileType = file.storyboard; name = Base; path = Base.lproj/LaunchScreen.storyboard; sourceTree = "<group>"; };
		E31EFE712B6C8FC600E5A7E6 /* Info.plist */ = {isa = PBXFileReference; lastKnownFileType = text.plist.xml; path = Info.plist; sourceTree = "<group>"; };
		E31EFE762B6C8FC600E5A7E6 /* Lesson13Tests.xctest */ = {isa = PBXFileReference; explicitFileType = wrapper.cfbundle; includeInIndex = 0; path = Lesson13Tests.xctest; sourceTree = BUILT_PRODUCTS_DIR; };
		E31EFE7A2B6C8FC600E5A7E6 /* Lesson13Tests.swift */ = {isa = PBXFileReference; lastKnownFileType = sourcecode.swift; path = Lesson13Tests.swift; sourceTree = "<group>"; };
		E31EFE802B6C8FC600E5A7E6 /* Lesson13UITests.xctest */ = {isa = PBXFileReference; explicitFileType = wrapper.cfbundle; includeInIndex = 0; path = Lesson13UITests.xctest; sourceTree = BUILT_PRODUCTS_DIR; };
		E31EFE842B6C8FC600E5A7E6 /* Lesson13UITests.swift */ = {isa = PBXFileReference; lastKnownFileType = sourcecode.swift; path = Lesson13UITests.swift; sourceTree = "<group>"; };
		E31EFE862B6C8FC600E5A7E6 /* Lesson13UITestsLaunchTests.swift */ = {isa = PBXFileReference; lastKnownFileType = sourcecode.swift; path = Lesson13UITestsLaunchTests.swift; sourceTree = "<group>"; };
		E31EFE932B6C944A00E5A7E6 /* TableCell.swift */ = {isa = PBXFileReference; lastKnownFileType = sourcecode.swift; path = TableCell.swift; sourceTree = "<group>"; };
		E31EFE942B6C944A00E5A7E6 /* TableCell.xib */ = {isa = PBXFileReference; lastKnownFileType = file.xib; path = TableCell.xib; sourceTree = "<group>"; };
		E31EFE972B6C97C500E5A7E6 /* Data.swift */ = {isa = PBXFileReference; lastKnownFileType = sourcecode.swift; path = Data.swift; sourceTree = "<group>"; };
		E31EFE9F2B6CD67100E5A7E6 /* CurrentPriceVC.swift */ = {isa = PBXFileReference; lastKnownFileType = sourcecode.swift; path = CurrentPriceVC.swift; sourceTree = "<group>"; };
		E31EFEA12B6CED1E00E5A7E6 /* PriceCell.swift */ = {isa = PBXFileReference; lastKnownFileType = sourcecode.swift; path = PriceCell.swift; sourceTree = "<group>"; };
		E31EFEA22B6CED1E00E5A7E6 /* PriceCell.xib */ = {isa = PBXFileReference; lastKnownFileType = file.xib; path = PriceCell.xib; sourceTree = "<group>"; };
		E33A04C2A327F2A4795AE4BD /* Pods-Lesson13.release.xcconfig */ = {isa = PBXFileReference; includeInIndex = 1; lastKnownFileType = text.xcconfig; name = "Pods-Lesson13.release.xcconfig"; path = "Target Support Files/Pods-Lesson13/Pods-Lesson13.release.xcconfig"; sourceTree = "<group>"; };
		EE2D42F64403CF9025F2F053 /* Pods-Lesson13-Lesson13UITests.release.xcconfig */ = {isa = PBXFileReference; includeInIndex = 1; lastKnownFileType = text.xcconfig; name = "Pods-Lesson13-Lesson13UITests.release.xcconfig"; path = "Target Support Files/Pods-Lesson13-Lesson13UITests/Pods-Lesson13-Lesson13UITests.release.xcconfig"; sourceTree = "<group>"; };
/* End PBXFileReference section */

/* Begin PBXFrameworksBuildPhase section */
		E31EFE5D2B6C8FC500E5A7E6 /* Frameworks */ = {
			isa = PBXFrameworksBuildPhase;
			buildActionMask = 2147483647;
			files = (
				349841E33848C46088F380EA /* Pods_Lesson13.framework in Frameworks */,
			);
			runOnlyForDeploymentPostprocessing = 0;
		};
		E31EFE732B6C8FC600E5A7E6 /* Frameworks */ = {
			isa = PBXFrameworksBuildPhase;
			buildActionMask = 2147483647;
			files = (
				B76AC6BFB26CE85FD572463F /* Pods_Lesson13Tests.framework in Frameworks */,
			);
			runOnlyForDeploymentPostprocessing = 0;
		};
		E31EFE7D2B6C8FC600E5A7E6 /* Frameworks */ = {
			isa = PBXFrameworksBuildPhase;
			buildActionMask = 2147483647;
			files = (
				32DA5C7C13DC996004FE1E80 /* Pods_Lesson13_Lesson13UITests.framework in Frameworks */,
			);
			runOnlyForDeploymentPostprocessing = 0;
		};
/* End PBXFrameworksBuildPhase section */

/* Begin PBXGroup section */
		7ED8E37E82D24E154BC52E23 /* Pods */ = {
			isa = PBXGroup;
			children = (
				0D001C411487B1A43571E504 /* Pods-Lesson13.debug.xcconfig */,
				E33A04C2A327F2A4795AE4BD /* Pods-Lesson13.release.xcconfig */,
				BDA69B6F7438A7B8B31F8F75 /* Pods-Lesson13-Lesson13UITests.debug.xcconfig */,
				EE2D42F64403CF9025F2F053 /* Pods-Lesson13-Lesson13UITests.release.xcconfig */,
				14BC576B3D9F11376BC07D3A /* Pods-Lesson13Tests.debug.xcconfig */,
				B15FEB9CB9E32A1488931E3A /* Pods-Lesson13Tests.release.xcconfig */,
			);
			path = Pods;
			sourceTree = "<group>";
		};
		993525A07E1BCB18D92C6DF7 /* Frameworks */ = {
			isa = PBXGroup;
			children = (
				37A61702525E35D3BB1B82A2 /* Pods_Lesson13.framework */,
				1007D283F03271031C1DE7EB /* Pods_Lesson13_Lesson13UITests.framework */,
				8EE8A76A48A0BBCB3C0E546A /* Pods_Lesson13Tests.framework */,
			);
			name = Frameworks;
			sourceTree = "<group>";
		};
		E31EFE572B6C8FC500E5A7E6 = {
			isa = PBXGroup;
			children = (
				E31EFE622B6C8FC500E5A7E6 /* Lesson13 */,
				E31EFE792B6C8FC600E5A7E6 /* Lesson13Tests */,
				E31EFE832B6C8FC600E5A7E6 /* Lesson13UITests */,
				E31EFE612B6C8FC500E5A7E6 /* Products */,
				7ED8E37E82D24E154BC52E23 /* Pods */,
				993525A07E1BCB18D92C6DF7 /* Frameworks */,
			);
			sourceTree = "<group>";
		};
		E31EFE612B6C8FC500E5A7E6 /* Products */ = {
			isa = PBXGroup;
			children = (
				E31EFE602B6C8FC500E5A7E6 /* Lesson13.app */,
				E31EFE762B6C8FC600E5A7E6 /* Lesson13Tests.xctest */,
				E31EFE802B6C8FC600E5A7E6 /* Lesson13UITests.xctest */,
			);
			name = Products;
			sourceTree = "<group>";
		};
		E31EFE622B6C8FC500E5A7E6 /* Lesson13 */ = {
			isa = PBXGroup;
			children = (
				E31EFE9A2B6C97F100E5A7E6 /* Model */,
				E31EFE9B2B6C97F900E5A7E6 /* View */,
				E31EFE992B6C97E200E5A7E6 /* ViewController */,
				E31EFE9C2B6C983400E5A7E6 /* TableCell */,
				E31EFE632B6C8FC500E5A7E6 /* AppDelegate.swift */,
				E31EFE652B6C8FC500E5A7E6 /* SceneDelegate.swift */,
				E31EFE6C2B6C8FC600E5A7E6 /* Assets.xcassets */,
				E31EFE6E2B6C8FC600E5A7E6 /* LaunchScreen.storyboard */,
				E31EFE712B6C8FC600E5A7E6 /* Info.plist */,
			);
			path = Lesson13;
			sourceTree = "<group>";
		};
		E31EFE792B6C8FC600E5A7E6 /* Lesson13Tests */ = {
			isa = PBXGroup;
			children = (
				E31EFE7A2B6C8FC600E5A7E6 /* Lesson13Tests.swift */,
			);
			path = Lesson13Tests;
			sourceTree = "<group>";
		};
		E31EFE832B6C8FC600E5A7E6 /* Lesson13UITests */ = {
			isa = PBXGroup;
			children = (
				E31EFE842B6C8FC600E5A7E6 /* Lesson13UITests.swift */,
				E31EFE862B6C8FC600E5A7E6 /* Lesson13UITestsLaunchTests.swift */,
			);
			path = Lesson13UITests;
			sourceTree = "<group>";
		};
		E31EFE992B6C97E200E5A7E6 /* ViewController */ = {
			isa = PBXGroup;
			children = (
				E31EFE672B6C8FC500E5A7E6 /* ViewController.swift */,
				E31EFE9F2B6CD67100E5A7E6 /* CurrentPriceVC.swift */,
			);
			path = ViewController;
			sourceTree = "<group>";
		};
		E31EFE9A2B6C97F100E5A7E6 /* Model */ = {
			isa = PBXGroup;
			children = (
				E31EFE972B6C97C500E5A7E6 /* Data.swift */,
			);
			path = Model;
			sourceTree = "<group>";
		};
		E31EFE9B2B6C97F900E5A7E6 /* View */ = {
			isa = PBXGroup;
			children = (
				E31EFE692B6C8FC500E5A7E6 /* Main.storyboard */,
			);
			path = View;
			sourceTree = "<group>";
		};
		E31EFE9C2B6C983400E5A7E6 /* TableCell */ = {
			isa = PBXGroup;
			children = (
				E31EFE932B6C944A00E5A7E6 /* TableCell.swift */,
				E31EFE942B6C944A00E5A7E6 /* TableCell.xib */,
				E31EFEA12B6CED1E00E5A7E6 /* PriceCell.swift */,
				E31EFEA22B6CED1E00E5A7E6 /* PriceCell.xib */,
			);
			path = TableCell;
			sourceTree = "<group>";
		};
/* End PBXGroup section */

/* Begin PBXNativeTarget section */
		E31EFE5F2B6C8FC500E5A7E6 /* Lesson13 */ = {
			isa = PBXNativeTarget;
			buildConfigurationList = E31EFE8A2B6C8FC600E5A7E6 /* Build configuration list for PBXNativeTarget "Lesson13" */;
			buildPhases = (
				73CEFFE0A80BE34DA3A279B7 /* [CP] Check Pods Manifest.lock */,
				E31EFE5C2B6C8FC500E5A7E6 /* Sources */,
				E31EFE5D2B6C8FC500E5A7E6 /* Frameworks */,
				E31EFE5E2B6C8FC500E5A7E6 /* Resources */,
				97BEFBAF959EBF8E81B7CC35 /* [CP] Embed Pods Frameworks */,
			);
			buildRules = (
			);
			dependencies = (
			);
			name = Lesson13;
			productName = Lesson13;
			productReference = E31EFE602B6C8FC500E5A7E6 /* Lesson13.app */;
			productType = "com.apple.product-type.application";
		};
		E31EFE752B6C8FC600E5A7E6 /* Lesson13Tests */ = {
			isa = PBXNativeTarget;
			buildConfigurationList = E31EFE8D2B6C8FC600E5A7E6 /* Build configuration list for PBXNativeTarget "Lesson13Tests" */;
			buildPhases = (
				C00786352789994B8B3DC63A /* [CP] Check Pods Manifest.lock */,
				E31EFE722B6C8FC600E5A7E6 /* Sources */,
				E31EFE732B6C8FC600E5A7E6 /* Frameworks */,
				E31EFE742B6C8FC600E5A7E6 /* Resources */,
			);
			buildRules = (
			);
			dependencies = (
				E31EFE782B6C8FC600E5A7E6 /* PBXTargetDependency */,
			);
			name = Lesson13Tests;
			productName = Lesson13Tests;
			productReference = E31EFE762B6C8FC600E5A7E6 /* Lesson13Tests.xctest */;
			productType = "com.apple.product-type.bundle.unit-test";
		};
		E31EFE7F2B6C8FC600E5A7E6 /* Lesson13UITests */ = {
			isa = PBXNativeTarget;
			buildConfigurationList = E31EFE902B6C8FC600E5A7E6 /* Build configuration list for PBXNativeTarget "Lesson13UITests" */;
			buildPhases = (
				D87A66B248A8E8FC4F7D2E65 /* [CP] Check Pods Manifest.lock */,
				E31EFE7C2B6C8FC600E5A7E6 /* Sources */,
				E31EFE7D2B6C8FC600E5A7E6 /* Frameworks */,
				E31EFE7E2B6C8FC600E5A7E6 /* Resources */,
				CFFDE596CBFCF87F25CD4D09 /* [CP] Embed Pods Frameworks */,
			);
			buildRules = (
			);
			dependencies = (
				E31EFE822B6C8FC600E5A7E6 /* PBXTargetDependency */,
			);
			name = Lesson13UITests;
			productName = Lesson13UITests;
			productReference = E31EFE802B6C8FC600E5A7E6 /* Lesson13UITests.xctest */;
			productType = "com.apple.product-type.bundle.ui-testing";
		};
/* End PBXNativeTarget section */

/* Begin PBXProject section */
		E31EFE582B6C8FC500E5A7E6 /* Project object */ = {
			isa = PBXProject;
			attributes = {
				BuildIndependentTargetsInParallel = 1;
				LastSwiftUpdateCheck = 1420;
				LastUpgradeCheck = 1420;
				TargetAttributes = {
					E31EFE5F2B6C8FC500E5A7E6 = {
						CreatedOnToolsVersion = 14.2;
					};
					E31EFE752B6C8FC600E5A7E6 = {
						CreatedOnToolsVersion = 14.2;
						TestTargetID = E31EFE5F2B6C8FC500E5A7E6;
					};
					E31EFE7F2B6C8FC600E5A7E6 = {
						CreatedOnToolsVersion = 14.2;
						TestTargetID = E31EFE5F2B6C8FC500E5A7E6;
					};
				};
			};
			buildConfigurationList = E31EFE5B2B6C8FC500E5A7E6 /* Build configuration list for PBXProject "Lesson13" */;
			compatibilityVersion = "Xcode 14.0";
			developmentRegion = en;
			hasScannedForEncodings = 0;
			knownRegions = (
				en,
				Base,
			);
			mainGroup = E31EFE572B6C8FC500E5A7E6;
			productRefGroup = E31EFE612B6C8FC500E5A7E6 /* Products */;
			projectDirPath = "";
			projectRoot = "";
			targets = (
				E31EFE5F2B6C8FC500E5A7E6 /* Lesson13 */,
				E31EFE752B6C8FC600E5A7E6 /* Lesson13Tests */,
				E31EFE7F2B6C8FC600E5A7E6 /* Lesson13UITests */,
			);
		};
/* End PBXProject section */

/* Begin PBXResourcesBuildPhase section */
		E31EFE5E2B6C8FC500E5A7E6 /* Resources */ = {
			isa = PBXResourcesBuildPhase;
			buildActionMask = 2147483647;
			files = (
				E31EFE702B6C8FC600E5A7E6 /* LaunchScreen.storyboard in Resources */,
				E31EFE6D2B6C8FC600E5A7E6 /* Assets.xcassets in Resources */,
				E31EFEA42B6CED1E00E5A7E6 /* PriceCell.xib in Resources */,
				E31EFE962B6C944A00E5A7E6 /* TableCell.xib in Resources */,
				E31EFE6B2B6C8FC500E5A7E6 /* Main.storyboard in Resources */,
			);
			runOnlyForDeploymentPostprocessing = 0;
		};
		E31EFE742B6C8FC600E5A7E6 /* Resources */ = {
			isa = PBXResourcesBuildPhase;
			buildActionMask = 2147483647;
			files = (
			);
			runOnlyForDeploymentPostprocessing = 0;
		};
		E31EFE7E2B6C8FC600E5A7E6 /* Resources */ = {
			isa = PBXResourcesBuildPhase;
			buildActionMask = 2147483647;
			files = (
			);
			runOnlyForDeploymentPostprocessing = 0;
		};
/* End PBXResourcesBuildPhase section */

/* Begin PBXShellScriptBuildPhase section */
		73CEFFE0A80BE34DA3A279B7 /* [CP] Check Pods Manifest.lock */ = {
			isa = PBXShellScriptBuildPhase;
			buildActionMask = 2147483647;
			files = (
			);
			inputFileListPaths = (
			);
			inputPaths = (
				"${PODS_PODFILE_DIR_PATH}/Podfile.lock",
				"${PODS_ROOT}/Manifest.lock",
			);
			name = "[CP] Check Pods Manifest.lock";
			outputFileListPaths = (
			);
			outputPaths = (
				"$(DERIVED_FILE_DIR)/Pods-Lesson13-checkManifestLockResult.txt",
			);
			runOnlyForDeploymentPostprocessing = 0;
			shellPath = /bin/sh;
			shellScript = "diff \"${PODS_PODFILE_DIR_PATH}/Podfile.lock\" \"${PODS_ROOT}/Manifest.lock\" > /dev/null\nif [ $? != 0 ] ; then\n    # print error to STDERR\n    echo \"error: The sandbox is not in sync with the Podfile.lock. Run 'pod install' or update your CocoaPods installation.\" >&2\n    exit 1\nfi\n# This output is used by Xcode 'outputs' to avoid re-running this script phase.\necho \"SUCCESS\" > \"${SCRIPT_OUTPUT_FILE_0}\"\n";
			showEnvVarsInLog = 0;
		};
		97BEFBAF959EBF8E81B7CC35 /* [CP] Embed Pods Frameworks */ = {
			isa = PBXShellScriptBuildPhase;
			buildActionMask = 2147483647;
			files = (
			);
			inputFileListPaths = (
				"${PODS_ROOT}/Target Support Files/Pods-Lesson13/Pods-Lesson13-frameworks-${CONFIGURATION}-input-files.xcfilelist",
			);
			name = "[CP] Embed Pods Frameworks";
			outputFileListPaths = (
				"${PODS_ROOT}/Target Support Files/Pods-Lesson13/Pods-Lesson13-frameworks-${CONFIGURATION}-output-files.xcfilelist",
			);
			runOnlyForDeploymentPostprocessing = 0;
			shellPath = /bin/sh;
			shellScript = "\"${PODS_ROOT}/Target Support Files/Pods-Lesson13/Pods-Lesson13-frameworks.sh\"\n";
			showEnvVarsInLog = 0;
		};
		C00786352789994B8B3DC63A /* [CP] Check Pods Manifest.lock */ = {
			isa = PBXShellScriptBuildPhase;
			buildActionMask = 2147483647;
			files = (
			);
			inputFileListPaths = (
			);
			inputPaths = (
				"${PODS_PODFILE_DIR_PATH}/Podfile.lock",
				"${PODS_ROOT}/Manifest.lock",
			);
			name = "[CP] Check Pods Manifest.lock";
			outputFileListPaths = (
			);
			outputPaths = (
				"$(DERIVED_FILE_DIR)/Pods-Lesson13Tests-checkManifestLockResult.txt",
			);
			runOnlyForDeploymentPostprocessing = 0;
			shellPath = /bin/sh;
			shellScript = "diff \"${PODS_PODFILE_DIR_PATH}/Podfile.lock\" \"${PODS_ROOT}/Manifest.lock\" > /dev/null\nif [ $? != 0 ] ; then\n    # print error to STDERR\n    echo \"error: The sandbox is not in sync with the Podfile.lock. Run 'pod install' or update your CocoaPods installation.\" >&2\n    exit 1\nfi\n# This output is used by Xcode 'outputs' to avoid re-running this script phase.\necho \"SUCCESS\" > \"${SCRIPT_OUTPUT_FILE_0}\"\n";
			showEnvVarsInLog = 0;
		};
		CFFDE596CBFCF87F25CD4D09 /* [CP] Embed Pods Frameworks */ = {
			isa = PBXShellScriptBuildPhase;
			buildActionMask = 2147483647;
			files = (
			);
			inputFileListPaths = (
				"${PODS_ROOT}/Target Support Files/Pods-Lesson13-Lesson13UITests/Pods-Lesson13-Lesson13UITests-frameworks-${CONFIGURATION}-input-files.xcfilelist",
			);
			name = "[CP] Embed Pods Frameworks";
			outputFileListPaths = (
				"${PODS_ROOT}/Target Support Files/Pods-Lesson13-Lesson13UITests/Pods-Lesson13-Lesson13UITests-frameworks-${CONFIGURATION}-output-files.xcfilelist",
			);
			runOnlyForDeploymentPostprocessing = 0;
			shellPath = /bin/sh;
			shellScript = "\"${PODS_ROOT}/Target Support Files/Pods-Lesson13-Lesson13UITests/Pods-Lesson13-Lesson13UITests-frameworks.sh\"\n";
			showEnvVarsInLog = 0;
		};
		D87A66B248A8E8FC4F7D2E65 /* [CP] Check Pods Manifest.lock */ = {
			isa = PBXShellScriptBuildPhase;
			buildActionMask = 2147483647;
			files = (
			);
			inputFileListPaths = (
			);
			inputPaths = (
				"${PODS_PODFILE_DIR_PATH}/Podfile.lock",
				"${PODS_ROOT}/Manifest.lock",
			);
			name = "[CP] Check Pods Manifest.lock";
			outputFileListPaths = (
			);
			outputPaths = (
				"$(DERIVED_FILE_DIR)/Pods-Lesson13-Lesson13UITests-checkManifestLockResult.txt",
			);
			runOnlyForDeploymentPostprocessing = 0;
			shellPath = /bin/sh;
			shellScript = "diff \"${PODS_PODFILE_DIR_PATH}/Podfile.lock\" \"${PODS_ROOT}/Manifest.lock\" > /dev/null\nif [ $? != 0 ] ; then\n    # print error to STDERR\n    echo \"error: The sandbox is not in sync with the Podfile.lock. Run 'pod install' or update your CocoaPods installation.\" >&2\n    exit 1\nfi\n# This output is used by Xcode 'outputs' to avoid re-running this script phase.\necho \"SUCCESS\" > \"${SCRIPT_OUTPUT_FILE_0}\"\n";
			showEnvVarsInLog = 0;
		};
/* End PBXShellScriptBuildPhase section */

/* Begin PBXSourcesBuildPhase section */
		E31EFE5C2B6C8FC500E5A7E6 /* Sources */ = {
			isa = PBXSourcesBuildPhase;
			buildActionMask = 2147483647;
			files = (
				E31EFE682B6C8FC500E5A7E6 /* ViewController.swift in Sources */,
				E31EFEA32B6CED1E00E5A7E6 /* PriceCell.swift in Sources */,
				E31EFE982B6C97C500E5A7E6 /* Data.swift in Sources */,
				E31EFEA02B6CD67100E5A7E6 /* CurrentPriceVC.swift in Sources */,
				E31EFE642B6C8FC500E5A7E6 /* AppDelegate.swift in Sources */,
				E31EFE952B6C944A00E5A7E6 /* TableCell.swift in Sources */,
				E31EFE662B6C8FC500E5A7E6 /* SceneDelegate.swift in Sources */,
			);
			runOnlyForDeploymentPostprocessing = 0;
		};
		E31EFE722B6C8FC600E5A7E6 /* Sources */ = {
			isa = PBXSourcesBuildPhase;
			buildActionMask = 2147483647;
			files = (
				E31EFE7B2B6C8FC600E5A7E6 /* Lesson13Tests.swift in Sources */,
			);
			runOnlyForDeploymentPostprocessing = 0;
		};
		E31EFE7C2B6C8FC600E5A7E6 /* Sources */ = {
			isa = PBXSourcesBuildPhase;
			buildActionMask = 2147483647;
			files = (
				E31EFE872B6C8FC600E5A7E6 /* Lesson13UITestsLaunchTests.swift in Sources */,
				E31EFE852B6C8FC600E5A7E6 /* Lesson13UITests.swift in Sources */,
			);
			runOnlyForDeploymentPostprocessing = 0;
		};
/* End PBXSourcesBuildPhase section */

/* Begin PBXTargetDependency section */
		E31EFE782B6C8FC600E5A7E6 /* PBXTargetDependency */ = {
			isa = PBXTargetDependency;
			target = E31EFE5F2B6C8FC500E5A7E6 /* Lesson13 */;
			targetProxy = E31EFE772B6C8FC600E5A7E6 /* PBXContainerItemProxy */;
		};
		E31EFE822B6C8FC600E5A7E6 /* PBXTargetDependency */ = {
			isa = PBXTargetDependency;
			target = E31EFE5F2B6C8FC500E5A7E6 /* Lesson13 */;
			targetProxy = E31EFE812B6C8FC600E5A7E6 /* PBXContainerItemProxy */;
		};
/* End PBXTargetDependency section */

/* Begin PBXVariantGroup section */
		E31EFE692B6C8FC500E5A7E6 /* Main.storyboard */ = {
			isa = PBXVariantGroup;
			children = (
				E31EFE6A2B6C8FC500E5A7E6 /* Base */,
			);
			name = Main.storyboard;
			sourceTree = "<group>";
		};
		E31EFE6E2B6C8FC600E5A7E6 /* LaunchScreen.storyboard */ = {
			isa = PBXVariantGroup;
			children = (
				E31EFE6F2B6C8FC600E5A7E6 /* Base */,
			);
			name = LaunchScreen.storyboard;
			sourceTree = "<group>";
		};
/* End PBXVariantGroup section */

/* Begin XCBuildConfiguration section */
		E31EFE882B6C8FC600E5A7E6 /* Debug */ = {
			isa = XCBuildConfiguration;
			buildSettings = {
				ALWAYS_SEARCH_USER_PATHS = NO;
				CLANG_ANALYZER_NONNULL = YES;
				CLANG_ANALYZER_NUMBER_OBJECT_CONVERSION = YES_AGGRESSIVE;
				CLANG_CXX_LANGUAGE_STANDARD = "gnu++20";
				CLANG_ENABLE_MODULES = YES;
				CLANG_ENABLE_OBJC_ARC = YES;
				CLANG_ENABLE_OBJC_WEAK = YES;
				CLANG_WARN_BLOCK_CAPTURE_AUTORELEASING = YES;
				CLANG_WARN_BOOL_CONVERSION = YES;
				CLANG_WARN_COMMA = YES;
				CLANG_WARN_CONSTANT_CONVERSION = YES;
				CLANG_WARN_DEPRECATED_OBJC_IMPLEMENTATIONS = YES;
				CLANG_WARN_DIRECT_OBJC_ISA_USAGE = YES_ERROR;
				CLANG_WARN_DOCUMENTATION_COMMENTS = YES;
				CLANG_WARN_EMPTY_BODY = YES;
				CLANG_WARN_ENUM_CONVERSION = YES;
				CLANG_WARN_INFINITE_RECURSION = YES;
				CLANG_WARN_INT_CONVERSION = YES;
				CLANG_WARN_NON_LITERAL_NULL_CONVERSION = YES;
				CLANG_WARN_OBJC_IMPLICIT_RETAIN_SELF = YES;
				CLANG_WARN_OBJC_LITERAL_CONVERSION = YES;
				CLANG_WARN_OBJC_ROOT_CLASS = YES_ERROR;
				CLANG_WARN_QUOTED_INCLUDE_IN_FRAMEWORK_HEADER = YES;
				CLANG_WARN_RANGE_LOOP_ANALYSIS = YES;
				CLANG_WARN_STRICT_PROTOTYPES = YES;
				CLANG_WARN_SUSPICIOUS_MOVE = YES;
				CLANG_WARN_UNGUARDED_AVAILABILITY = YES_AGGRESSIVE;
				CLANG_WARN_UNREACHABLE_CODE = YES;
				CLANG_WARN__DUPLICATE_METHOD_MATCH = YES;
				COPY_PHASE_STRIP = NO;
				DEBUG_INFORMATION_FORMAT = dwarf;
				ENABLE_STRICT_OBJC_MSGSEND = YES;
				ENABLE_TESTABILITY = YES;
				GCC_C_LANGUAGE_STANDARD = gnu11;
				GCC_DYNAMIC_NO_PIC = NO;
				GCC_NO_COMMON_BLOCKS = YES;
				GCC_OPTIMIZATION_LEVEL = 0;
				GCC_PREPROCESSOR_DEFINITIONS = (
					"DEBUG=1",
					"$(inherited)",
				);
				GCC_WARN_64_TO_32_BIT_CONVERSION = YES;
				GCC_WARN_ABOUT_RETURN_TYPE = YES_ERROR;
				GCC_WARN_UNDECLARED_SELECTOR = YES;
				GCC_WARN_UNINITIALIZED_AUTOS = YES_AGGRESSIVE;
				GCC_WARN_UNUSED_FUNCTION = YES;
				GCC_WARN_UNUSED_VARIABLE = YES;
				IPHONEOS_DEPLOYMENT_TARGET = 16.2;
				MTL_ENABLE_DEBUG_INFO = INCLUDE_SOURCE;
				MTL_FAST_MATH = YES;
				ONLY_ACTIVE_ARCH = YES;
				SDKROOT = iphoneos;
				SWIFT_ACTIVE_COMPILATION_CONDITIONS = DEBUG;
				SWIFT_OPTIMIZATION_LEVEL = "-Onone";
			};
			name = Debug;
		};
		E31EFE892B6C8FC600E5A7E6 /* Release */ = {
			isa = XCBuildConfiguration;
			buildSettings = {
				ALWAYS_SEARCH_USER_PATHS = NO;
				CLANG_ANALYZER_NONNULL = YES;
				CLANG_ANALYZER_NUMBER_OBJECT_CONVERSION = YES_AGGRESSIVE;
				CLANG_CXX_LANGUAGE_STANDARD = "gnu++20";
				CLANG_ENABLE_MODULES = YES;
				CLANG_ENABLE_OBJC_ARC = YES;
				CLANG_ENABLE_OBJC_WEAK = YES;
				CLANG_WARN_BLOCK_CAPTURE_AUTORELEASING = YES;
				CLANG_WARN_BOOL_CONVERSION = YES;
				CLANG_WARN_COMMA = YES;
				CLANG_WARN_CONSTANT_CONVERSION = YES;
				CLANG_WARN_DEPRECATED_OBJC_IMPLEMENTATIONS = YES;
				CLANG_WARN_DIRECT_OBJC_ISA_USAGE = YES_ERROR;
				CLANG_WARN_DOCUMENTATION_COMMENTS = YES;
				CLANG_WARN_EMPTY_BODY = YES;
				CLANG_WARN_ENUM_CONVERSION = YES;
				CLANG_WARN_INFINITE_RECURSION = YES;
				CLANG_WARN_INT_CONVERSION = YES;
				CLANG_WARN_NON_LITERAL_NULL_CONVERSION = YES;
				CLANG_WARN_OBJC_IMPLICIT_RETAIN_SELF = YES;
				CLANG_WARN_OBJC_LITERAL_CONVERSION = YES;
				CLANG_WARN_OBJC_ROOT_CLASS = YES_ERROR;
				CLANG_WARN_QUOTED_INCLUDE_IN_FRAMEWORK_HEADER = YES;
				CLANG_WARN_RANGE_LOOP_ANALYSIS = YES;
				CLANG_WARN_STRICT_PROTOTYPES = YES;
				CLANG_WARN_SUSPICIOUS_MOVE = YES;
				CLANG_WARN_UNGUARDED_AVAILABILITY = YES_AGGRESSIVE;
				CLANG_WARN_UNREACHABLE_CODE = YES;
				CLANG_WARN__DUPLICATE_METHOD_MATCH = YES;
				COPY_PHASE_STRIP = NO;
				DEBUG_INFORMATION_FORMAT = "dwarf-with-dsym";
				ENABLE_NS_ASSERTIONS = NO;
				ENABLE_STRICT_OBJC_MSGSEND = YES;
				GCC_C_LANGUAGE_STANDARD = gnu11;
				GCC_NO_COMMON_BLOCKS = YES;
				GCC_WARN_64_TO_32_BIT_CONVERSION = YES;
				GCC_WARN_ABOUT_RETURN_TYPE = YES_ERROR;
				GCC_WARN_UNDECLARED_SELECTOR = YES;
				GCC_WARN_UNINITIALIZED_AUTOS = YES_AGGRESSIVE;
				GCC_WARN_UNUSED_FUNCTION = YES;
				GCC_WARN_UNUSED_VARIABLE = YES;
				IPHONEOS_DEPLOYMENT_TARGET = 16.2;
				MTL_ENABLE_DEBUG_INFO = NO;
				MTL_FAST_MATH = YES;
				SDKROOT = iphoneos;
				SWIFT_COMPILATION_MODE = wholemodule;
				SWIFT_OPTIMIZATION_LEVEL = "-O";
				VALIDATE_PRODUCT = YES;
			};
			name = Release;
		};
		E31EFE8B2B6C8FC600E5A7E6 /* Debug */ = {
			isa = XCBuildConfiguration;
			baseConfigurationReference = 0D001C411487B1A43571E504 /* Pods-Lesson13.debug.xcconfig */;
			buildSettings = {
				ASSETCATALOG_COMPILER_APPICON_NAME = AppIcon;
				ASSETCATALOG_COMPILER_GLOBAL_ACCENT_COLOR_NAME = AccentColor;
				CODE_SIGN_STYLE = Automatic;
				CURRENT_PROJECT_VERSION = 1;
				GENERATE_INFOPLIST_FILE = YES;
				INFOPLIST_FILE = Lesson13/Info.plist;
				INFOPLIST_KEY_UIApplicationSupportsIndirectInputEvents = YES;
				INFOPLIST_KEY_UILaunchStoryboardName = LaunchScreen;
				INFOPLIST_KEY_UIMainStoryboardFile = Main;
				INFOPLIST_KEY_UISupportedInterfaceOrientations_iPad = "UIInterfaceOrientationPortrait UIInterfaceOrientationPortraitUpsideDown UIInterfaceOrientationLandscapeLeft UIInterfaceOrientationLandscapeRight";
				INFOPLIST_KEY_UISupportedInterfaceOrientations_iPhone = "UIInterfaceOrientationPortrait UIInterfaceOrientationLandscapeLeft UIInterfaceOrientationLandscapeRight";
				LD_RUNPATH_SEARCH_PATHS = (
					"$(inherited)",
					"@executable_path/Frameworks",
				);
				MARKETING_VERSION = 1.0;
				PRODUCT_BUNDLE_IDENTIFIER = come.QuangNH.Lesson13;
				PRODUCT_NAME = "$(TARGET_NAME)";
				SWIFT_EMIT_LOC_STRINGS = YES;
				SWIFT_VERSION = 5.0;
				TARGETED_DEVICE_FAMILY = "1,2";
			};
			name = Debug;
		};
		E31EFE8C2B6C8FC600E5A7E6 /* Release */ = {
			isa = XCBuildConfiguration;
			baseConfigurationReference = E33A04C2A327F2A4795AE4BD /* Pods-Lesson13.release.xcconfig */;
			buildSettings = {
				ASSETCATALOG_COMPILER_APPICON_NAME = AppIcon;
				ASSETCATALOG_COMPILER_GLOBAL_ACCENT_COLOR_NAME = AccentColor;
				CODE_SIGN_STYLE = Automatic;
				CURRENT_PROJECT_VERSION = 1;
				GENERATE_INFOPLIST_FILE = YES;
				INFOPLIST_FILE = Lesson13/Info.plist;
				INFOPLIST_KEY_UIApplicationSupportsIndirectInputEvents = YES;
				INFOPLIST_KEY_UILaunchStoryboardName = LaunchScreen;
				INFOPLIST_KEY_UIMainStoryboardFile = Main;
				INFOPLIST_KEY_UISupportedInterfaceOrientations_iPad = "UIInterfaceOrientationPortrait UIInterfaceOrientationPortraitUpsideDown UIInterfaceOrientationLandscapeLeft UIInterfaceOrientationLandscapeRight";
				INFOPLIST_KEY_UISupportedInterfaceOrientations_iPhone = "UIInterfaceOrientationPortrait UIInterfaceOrientationLandscapeLeft UIInterfaceOrientationLandscapeRight";
				LD_RUNPATH_SEARCH_PATHS = (
					"$(inherited)",
					"@executable_path/Frameworks",
				);
				MARKETING_VERSION = 1.0;
				PRODUCT_BUNDLE_IDENTIFIER = come.QuangNH.Lesson13;
				PRODUCT_NAME = "$(TARGET_NAME)";
				SWIFT_EMIT_LOC_STRINGS = YES;
				SWIFT_VERSION = 5.0;
				TARGETED_DEVICE_FAMILY = "1,2";
			};
			name = Release;
		};
		E31EFE8E2B6C8FC600E5A7E6 /* Debug */ = {
			isa = XCBuildConfiguration;
			baseConfigurationReference = 14BC576B3D9F11376BC07D3A /* Pods-Lesson13Tests.debug.xcconfig */;
			buildSettings = {
				ALWAYS_EMBED_SWIFT_STANDARD_LIBRARIES = YES;
				BUNDLE_LOADER = "$(TEST_HOST)";
				CODE_SIGN_STYLE = Automatic;
				CURRENT_PROJECT_VERSION = 1;
				GENERATE_INFOPLIST_FILE = YES;
				IPHONEOS_DEPLOYMENT_TARGET = 16.2;
				MARKETING_VERSION = 1.0;
				PRODUCT_BUNDLE_IDENTIFIER = come.QuangNH.Lesson13Tests;
				PRODUCT_NAME = "$(TARGET_NAME)";
				SWIFT_EMIT_LOC_STRINGS = NO;
				SWIFT_VERSION = 5.0;
				TARGETED_DEVICE_FAMILY = "1,2";
				TEST_HOST = "$(BUILT_PRODUCTS_DIR)/Lesson13.app/$(BUNDLE_EXECUTABLE_FOLDER_PATH)/Lesson13";
			};
			name = Debug;
		};
		E31EFE8F2B6C8FC600E5A7E6 /* Release */ = {
			isa = XCBuildConfiguration;
			baseConfigurationReference = B15FEB9CB9E32A1488931E3A /* Pods-Lesson13Tests.release.xcconfig */;
			buildSettings = {
				ALWAYS_EMBED_SWIFT_STANDARD_LIBRARIES = YES;
				BUNDLE_LOADER = "$(TEST_HOST)";
				CODE_SIGN_STYLE = Automatic;
				CURRENT_PROJECT_VERSION = 1;
				GENERATE_INFOPLIST_FILE = YES;
				IPHONEOS_DEPLOYMENT_TARGET = 16.2;
				MARKETING_VERSION = 1.0;
				PRODUCT_BUNDLE_IDENTIFIER = come.QuangNH.Lesson13Tests;
				PRODUCT_NAME = "$(TARGET_NAME)";
				SWIFT_EMIT_LOC_STRINGS = NO;
				SWIFT_VERSION = 5.0;
				TARGETED_DEVICE_FAMILY = "1,2";
				TEST_HOST = "$(BUILT_PRODUCTS_DIR)/Lesson13.app/$(BUNDLE_EXECUTABLE_FOLDER_PATH)/Lesson13";
			};
			name = Release;
		};
		E31EFE912B6C8FC600E5A7E6 /* Debug */ = {
			isa = XCBuildConfiguration;
			baseConfigurationReference = BDA69B6F7438A7B8B31F8F75 /* Pods-Lesson13-Lesson13UITests.debug.xcconfig */;
			buildSettings = {
				ALWAYS_EMBED_SWIFT_STANDARD_LIBRARIES = YES;
				CODE_SIGN_STYLE = Automatic;
				CURRENT_PROJECT_VERSION = 1;
				GENERATE_INFOPLIST_FILE = YES;
				MARKETING_VERSION = 1.0;
				PRODUCT_BUNDLE_IDENTIFIER = come.QuangNH.Lesson13UITests;
				PRODUCT_NAME = "$(TARGET_NAME)";
				SWIFT_EMIT_LOC_STRINGS = NO;
				SWIFT_VERSION = 5.0;
				TARGETED_DEVICE_FAMILY = "1,2";
				TEST_TARGET_NAME = Lesson13;
			};
			name = Debug;
		};
		E31EFE922B6C8FC600E5A7E6 /* Release */ = {
			isa = XCBuildConfiguration;
			baseConfigurationReference = EE2D42F64403CF9025F2F053 /* Pods-Lesson13-Lesson13UITests.release.xcconfig */;
			buildSettings = {
				ALWAYS_EMBED_SWIFT_STANDARD_LIBRARIES = YES;
				CODE_SIGN_STYLE = Automatic;
				CURRENT_PROJECT_VERSION = 1;
				GENERATE_INFOPLIST_FILE = YES;
				MARKETING_VERSION = 1.0;
				PRODUCT_BUNDLE_IDENTIFIER = come.QuangNH.Lesson13UITests;
				PRODUCT_NAME = "$(TARGET_NAME)";
				SWIFT_EMIT_LOC_STRINGS = NO;
				SWIFT_VERSION = 5.0;
				TARGETED_DEVICE_FAMILY = "1,2";
				TEST_TARGET_NAME = Lesson13;
			};
			name = Release;
		};
/* End XCBuildConfiguration section */

/* Begin XCConfigurationList section */
		E31EFE5B2B6C8FC500E5A7E6 /* Build configuration list for PBXProject "Lesson13" */ = {
			isa = XCConfigurationList;
			buildConfigurations = (
				E31EFE882B6C8FC600E5A7E6 /* Debug */,
				E31EFE892B6C8FC600E5A7E6 /* Release */,
			);
			defaultConfigurationIsVisible = 0;
			defaultConfigurationName = Release;
		};
		E31EFE8A2B6C8FC600E5A7E6 /* Build configuration list for PBXNativeTarget "Lesson13" */ = {
			isa = XCConfigurationList;
			buildConfigurations = (
				E31EFE8B2B6C8FC600E5A7E6 /* Debug */,
				E31EFE8C2B6C8FC600E5A7E6 /* Release */,
			);
			defaultConfigurationIsVisible = 0;
			defaultConfigurationName = Release;
		};
		E31EFE8D2B6C8FC600E5A7E6 /* Build configuration list for PBXNativeTarget "Lesson13Tests" */ = {
			isa = XCConfigurationList;
			buildConfigurations = (
				E31EFE8E2B6C8FC600E5A7E6 /* Debug */,
				E31EFE8F2B6C8FC600E5A7E6 /* Release */,
			);
			defaultConfigurationIsVisible = 0;
			defaultConfigurationName = Release;
		};
		E31EFE902B6C8FC600E5A7E6 /* Build configuration list for PBXNativeTarget "Lesson13UITests" */ = {
			isa = XCConfigurationList;
			buildConfigurations = (
				E31EFE912B6C8FC600E5A7E6 /* Debug */,
				E31EFE922B6C8FC600E5A7E6 /* Release */,
			);
			defaultConfigurationIsVisible = 0;
			defaultConfigurationName = Release;
		};
/* End XCConfigurationList section */
	};
	rootObject = E31EFE582B6C8FC500E5A7E6 /* Project object */;
}
