// !$*UTF8*$!
{
	archiveVersion = 1;
	classes = {
	};
	objectVersion = 56;
	objects = {

/* Begin PBXBuildFile section */
		E309E9462B60E35500B675A6 /* AppDelegate.swift in Sources */ = {isa = PBXBuildFile; fileRef = E309E9452B60E35500B675A6 /* AppDelegate.swift */; };
		E309E9482B60E35500B675A6 /* SceneDelegate.swift in Sources */ = {isa = PBXBuildFile; fileRef = E309E9472B60E35500B675A6 /* SceneDelegate.swift */; };
		E309E94A2B60E35500B675A6 /* ViewController.swift in Sources */ = {isa = PBXBuildFile; fileRef = E309E9492B60E35500B675A6 /* ViewController.swift */; };
		E309E94D2B60E35500B675A6 /* Main.storyboard in Resources */ = {isa = PBXBuildFile; fileRef = E309E94B2B60E35500B675A6 /* Main.storyboard */; };
		E309E94F2B60E35500B675A6 /* Assets.xcassets in Resources */ = {isa = PBXBuildFile; fileRef = E309E94E2B60E35500B675A6 /* Assets.xcassets */; };
		E309E9522B60E35500B675A6 /* LaunchScreen.storyboard in Resources */ = {isa = PBXBuildFile; fileRef = E309E9502B60E35500B675A6 /* LaunchScreen.storyboard */; };
		E309E95D2B60E35500B675A6 /* Lesson5Tests.swift in Sources */ = {isa = PBXBuildFile; fileRef = E309E95C2B60E35500B675A6 /* Lesson5Tests.swift */; };
		E309E9672B60E35600B675A6 /* Lesson5UITests.swift in Sources */ = {isa = PBXBuildFile; fileRef = E309E9662B60E35600B675A6 /* Lesson5UITests.swift */; };
		E309E9692B60E35600B675A6 /* Lesson5UITestsLaunchTests.swift in Sources */ = {isa = PBXBuildFile; fileRef = E309E9682B60E35600B675A6 /* Lesson5UITestsLaunchTests.swift */; };
		E337DDE92B60F49D00B8EF0E /* AutoLayoutVC.swift in Sources */ = {isa = PBXBuildFile; fileRef = E337DDE82B60F49D00B8EF0E /* AutoLayoutVC.swift */; };
		E337DDEB2B60FE0700B8EF0E /* ScrollVC.swift in Sources */ = {isa = PBXBuildFile; fileRef = E337DDEA2B60FE0700B8EF0E /* ScrollVC.swift */; };
/* End PBXBuildFile section */

/* Begin PBXContainerItemProxy section */
		E309E9592B60E35500B675A6 /* PBXContainerItemProxy */ = {
			isa = PBXContainerItemProxy;
			containerPortal = E309E93A2B60E35500B675A6 /* Project object */;
			proxyType = 1;
			remoteGlobalIDString = E309E9412B60E35500B675A6;
			remoteInfo = Lesson5;
		};
		E309E9632B60E35600B675A6 /* PBXContainerItemProxy */ = {
			isa = PBXContainerItemProxy;
			containerPortal = E309E93A2B60E35500B675A6 /* Project object */;
			proxyType = 1;
			remoteGlobalIDString = E309E9412B60E35500B675A6;
			remoteInfo = Lesson5;
		};
/* End PBXContainerItemProxy section */

/* Begin PBXFileReference section */
		E309E9422B60E35500B675A6 /* Lesson5.app */ = {isa = PBXFileReference; explicitFileType = wrapper.application; includeInIndex = 0; path = Lesson5.app; sourceTree = BUILT_PRODUCTS_DIR; };
		E309E9452B60E35500B675A6 /* AppDelegate.swift */ = {isa = PBXFileReference; lastKnownFileType = sourcecode.swift; path = AppDelegate.swift; sourceTree = "<group>"; };
		E309E9472B60E35500B675A6 /* SceneDelegate.swift */ = {isa = PBXFileReference; lastKnownFileType = sourcecode.swift; path = SceneDelegate.swift; sourceTree = "<group>"; };
		E309E9492B60E35500B675A6 /* ViewController.swift */ = {isa = PBXFileReference; lastKnownFileType = sourcecode.swift; path = ViewController.swift; sourceTree = "<group>"; };
		E309E94C2B60E35500B675A6 /* Base */ = {isa = PBXFileReference; lastKnownFileType = file.storyboard; name = Base; path = Base.lproj/Main.storyboard; sourceTree = "<group>"; };
		E309E94E2B60E35500B675A6 /* Assets.xcassets */ = {isa = PBXFileReference; lastKnownFileType = folder.assetcatalog; path = Assets.xcassets; sourceTree = "<group>"; };
		E309E9512B60E35500B675A6 /* Base */ = {isa = PBXFileReference; lastKnownFileType = file.storyboard; name = Base; path = Base.lproj/LaunchScreen.storyboard; sourceTree = "<group>"; };
		E309E9532B60E35500B675A6 /* Info.plist */ = {isa = PBXFileReference; lastKnownFileType = text.plist.xml; path = Info.plist; sourceTree = "<group>"; };
		E309E9582B60E35500B675A6 /* Lesson5Tests.xctest */ = {isa = PBXFileReference; explicitFileType = wrapper.cfbundle; includeInIndex = 0; path = Lesson5Tests.xctest; sourceTree = BUILT_PRODUCTS_DIR; };
		E309E95C2B60E35500B675A6 /* Lesson5Tests.swift */ = {isa = PBXFileReference; lastKnownFileType = sourcecode.swift; path = Lesson5Tests.swift; sourceTree = "<group>"; };
		E309E9622B60E35600B675A6 /* Lesson5UITests.xctest */ = {isa = PBXFileReference; explicitFileType = wrapper.cfbundle; includeInIndex = 0; path = Lesson5UITests.xctest; sourceTree = BUILT_PRODUCTS_DIR; };
		E309E9662B60E35600B675A6 /* Lesson5UITests.swift */ = {isa = PBXFileReference; lastKnownFileType = sourcecode.swift; path = Lesson5UITests.swift; sourceTree = "<group>"; };
		E309E9682B60E35600B675A6 /* Lesson5UITestsLaunchTests.swift */ = {isa = PBXFileReference; lastKnownFileType = sourcecode.swift; path = Lesson5UITestsLaunchTests.swift; sourceTree = "<group>"; };
		E337DDE82B60F49D00B8EF0E /* AutoLayoutVC.swift */ = {isa = PBXFileReference; lastKnownFileType = sourcecode.swift; path = AutoLayoutVC.swift; sourceTree = "<group>"; };
		E337DDEA2B60FE0700B8EF0E /* ScrollVC.swift */ = {isa = PBXFileReference; lastKnownFileType = sourcecode.swift; path = ScrollVC.swift; sourceTree = "<group>"; };
/* End PBXFileReference section */

/* Begin PBXFrameworksBuildPhase section */
		E309E93F2B60E35500B675A6 /* Frameworks */ = {
			isa = PBXFrameworksBuildPhase;
			buildActionMask = 2147483647;
			files = (
			);
			runOnlyForDeploymentPostprocessing = 0;
		};
		E309E9552B60E35500B675A6 /* Frameworks */ = {
			isa = PBXFrameworksBuildPhase;
			buildActionMask = 2147483647;
			files = (
			);
			runOnlyForDeploymentPostprocessing = 0;
		};
		E309E95F2B60E35600B675A6 /* Frameworks */ = {
			isa = PBXFrameworksBuildPhase;
			buildActionMask = 2147483647;
			files = (
			);
			runOnlyForDeploymentPostprocessing = 0;
		};
/* End PBXFrameworksBuildPhase section */

/* Begin PBXGroup section */
		E309E9392B60E35500B675A6 = {
			isa = PBXGroup;
			children = (
				E309E9442B60E35500B675A6 /* Lesson5 */,
				E309E95B2B60E35500B675A6 /* Lesson5Tests */,
				E309E9652B60E35600B675A6 /* Lesson5UITests */,
				E309E9432B60E35500B675A6 /* Products */,
			);
			sourceTree = "<group>";
		};
		E309E9432B60E35500B675A6 /* Products */ = {
			isa = PBXGroup;
			children = (
				E309E9422B60E35500B675A6 /* Lesson5.app */,
				E309E9582B60E35500B675A6 /* Lesson5Tests.xctest */,
				E309E9622B60E35600B675A6 /* Lesson5UITests.xctest */,
			);
			name = Products;
			sourceTree = "<group>";
		};
		E309E9442B60E35500B675A6 /* Lesson5 */ = {
			isa = PBXGroup;
			children = (
				E309E9452B60E35500B675A6 /* AppDelegate.swift */,
				E309E9472B60E35500B675A6 /* SceneDelegate.swift */,
				E309E9492B60E35500B675A6 /* ViewController.swift */,
				E337DDE82B60F49D00B8EF0E /* AutoLayoutVC.swift */,
				E337DDEA2B60FE0700B8EF0E /* ScrollVC.swift */,
				E309E94B2B60E35500B675A6 /* Main.storyboard */,
				E309E94E2B60E35500B675A6 /* Assets.xcassets */,
				E309E9502B60E35500B675A6 /* LaunchScreen.storyboard */,
				E309E9532B60E35500B675A6 /* Info.plist */,
			);
			path = Lesson5;
			sourceTree = "<group>";
		};
		E309E95B2B60E35500B675A6 /* Lesson5Tests */ = {
			isa = PBXGroup;
			children = (
				E309E95C2B60E35500B675A6 /* Lesson5Tests.swift */,
			);
			path = Lesson5Tests;
			sourceTree = "<group>";
		};
		E309E9652B60E35600B675A6 /* Lesson5UITests */ = {
			isa = PBXGroup;
			children = (
				E309E9662B60E35600B675A6 /* Lesson5UITests.swift */,
				E309E9682B60E35600B675A6 /* Lesson5UITestsLaunchTests.swift */,
			);
			path = Lesson5UITests;
			sourceTree = "<group>";
		};
/* End PBXGroup section */

/* Begin PBXNativeTarget section */
		E309E9412B60E35500B675A6 /* Lesson5 */ = {
			isa = PBXNativeTarget;
			buildConfigurationList = E309E96C2B60E35600B675A6 /* Build configuration list for PBXNativeTarget "Lesson5" */;
			buildPhases = (
				E309E93E2B60E35500B675A6 /* Sources */,
				E309E93F2B60E35500B675A6 /* Frameworks */,
				E309E9402B60E35500B675A6 /* Resources */,
			);
			buildRules = (
			);
			dependencies = (
			);
			name = Lesson5;
			productName = Lesson5;
			productReference = E309E9422B60E35500B675A6 /* Lesson5.app */;
			productType = "com.apple.product-type.application";
		};
		E309E9572B60E35500B675A6 /* Lesson5Tests */ = {
			isa = PBXNativeTarget;
			buildConfigurationList = E309E96F2B60E35600B675A6 /* Build configuration list for PBXNativeTarget "Lesson5Tests" */;
			buildPhases = (
				E309E9542B60E35500B675A6 /* Sources */,
				E309E9552B60E35500B675A6 /* Frameworks */,
				E309E9562B60E35500B675A6 /* Resources */,
			);
			buildRules = (
			);
			dependencies = (
				E309E95A2B60E35500B675A6 /* PBXTargetDependency */,
			);
			name = Lesson5Tests;
			productName = Lesson5Tests;
			productReference = E309E9582B60E35500B675A6 /* Lesson5Tests.xctest */;
			productType = "com.apple.product-type.bundle.unit-test";
		};
		E309E9612B60E35600B675A6 /* Lesson5UITests */ = {
			isa = PBXNativeTarget;
			buildConfigurationList = E309E9722B60E35600B675A6 /* Build configuration list for PBXNativeTarget "Lesson5UITests" */;
			buildPhases = (
				E309E95E2B60E35600B675A6 /* Sources */,
				E309E95F2B60E35600B675A6 /* Frameworks */,
				E309E9602B60E35600B675A6 /* Resources */,
			);
			buildRules = (
			);
			dependencies = (
				E309E9642B60E35600B675A6 /* PBXTargetDependency */,
			);
			name = Lesson5UITests;
			productName = Lesson5UITests;
			productReference = E309E9622B60E35600B675A6 /* Lesson5UITests.xctest */;
			productType = "com.apple.product-type.bundle.ui-testing";
		};
/* End PBXNativeTarget section */

/* Begin PBXProject section */
		E309E93A2B60E35500B675A6 /* Project object */ = {
			isa = PBXProject;
			attributes = {
				BuildIndependentTargetsInParallel = 1;
				LastSwiftUpdateCheck = 1420;
				LastUpgradeCheck = 1420;
				TargetAttributes = {
					E309E9412B60E35500B675A6 = {
						CreatedOnToolsVersion = 14.2;
					};
					E309E9572B60E35500B675A6 = {
						CreatedOnToolsVersion = 14.2;
						TestTargetID = E309E9412B60E35500B675A6;
					};
					E309E9612B60E35600B675A6 = {
						CreatedOnToolsVersion = 14.2;
						TestTargetID = E309E9412B60E35500B675A6;
					};
				};
			};
			buildConfigurationList = E309E93D2B60E35500B675A6 /* Build configuration list for PBXProject "Lesson5" */;
			compatibilityVersion = "Xcode 14.0";
			developmentRegion = en;
			hasScannedForEncodings = 0;
			knownRegions = (
				en,
				Base,
			);
			mainGroup = E309E9392B60E35500B675A6;
			productRefGroup = E309E9432B60E35500B675A6 /* Products */;
			projectDirPath = "";
			projectRoot = "";
			targets = (
				E309E9412B60E35500B675A6 /* Lesson5 */,
				E309E9572B60E35500B675A6 /* Lesson5Tests */,
				E309E9612B60E35600B675A6 /* Lesson5UITests */,
			);
		};
/* End PBXProject section */

/* Begin PBXResourcesBuildPhase section */
		E309E9402B60E35500B675A6 /* Resources */ = {
			isa = PBXResourcesBuildPhase;
			buildActionMask = 2147483647;
			files = (
				E309E9522B60E35500B675A6 /* LaunchScreen.storyboard in Resources */,
				E309E94F2B60E35500B675A6 /* Assets.xcassets in Resources */,
				E309E94D2B60E35500B675A6 /* Main.storyboard in Resources */,
			);
			runOnlyForDeploymentPostprocessing = 0;
		};
		E309E9562B60E35500B675A6 /* Resources */ = {
			isa = PBXResourcesBuildPhase;
			buildActionMask = 2147483647;
			files = (
			);
			runOnlyForDeploymentPostprocessing = 0;
		};
		E309E9602B60E35600B675A6 /* Resources */ = {
			isa = PBXResourcesBuildPhase;
			buildActionMask = 2147483647;
			files = (
			);
			runOnlyForDeploymentPostprocessing = 0;
		};
/* End PBXResourcesBuildPhase section */

/* Begin PBXSourcesBuildPhase section */
		E309E93E2B60E35500B675A6 /* Sources */ = {
			isa = PBXSourcesBuildPhase;
			buildActionMask = 2147483647;
			files = (
				E309E94A2B60E35500B675A6 /* ViewController.swift in Sources */,
				E337DDE92B60F49D00B8EF0E /* AutoLayoutVC.swift in Sources */,
				E309E9462B60E35500B675A6 /* AppDelegate.swift in Sources */,
				E337DDEB2B60FE0700B8EF0E /* ScrollVC.swift in Sources */,
				E309E9482B60E35500B675A6 /* SceneDelegate.swift in Sources */,
			);
			runOnlyForDeploymentPostprocessing = 0;
		};
		E309E9542B60E35500B675A6 /* Sources */ = {
			isa = PBXSourcesBuildPhase;
			buildActionMask = 2147483647;
			files = (
				E309E95D2B60E35500B675A6 /* Lesson5Tests.swift in Sources */,
			);
			runOnlyForDeploymentPostprocessing = 0;
		};
		E309E95E2B60E35600B675A6 /* Sources */ = {
			isa = PBXSourcesBuildPhase;
			buildActionMask = 2147483647;
			files = (
				E309E9692B60E35600B675A6 /* Lesson5UITestsLaunchTests.swift in Sources */,
				E309E9672B60E35600B675A6 /* Lesson5UITests.swift in Sources */,
			);
			runOnlyForDeploymentPostprocessing = 0;
		};
/* End PBXSourcesBuildPhase section */

/* Begin PBXTargetDependency section */
		E309E95A2B60E35500B675A6 /* PBXTargetDependency */ = {
			isa = PBXTargetDependency;
			target = E309E9412B60E35500B675A6 /* Lesson5 */;
			targetProxy = E309E9592B60E35500B675A6 /* PBXContainerItemProxy */;
		};
		E309E9642B60E35600B675A6 /* PBXTargetDependency */ = {
			isa = PBXTargetDependency;
			target = E309E9412B60E35500B675A6 /* Lesson5 */;
			targetProxy = E309E9632B60E35600B675A6 /* PBXContainerItemProxy */;
		};
/* End PBXTargetDependency section */

/* Begin PBXVariantGroup section */
		E309E94B2B60E35500B675A6 /* Main.storyboard */ = {
			isa = PBXVariantGroup;
			children = (
				E309E94C2B60E35500B675A6 /* Base */,
			);
			name = Main.storyboard;
			sourceTree = "<group>";
		};
		E309E9502B60E35500B675A6 /* LaunchScreen.storyboard */ = {
			isa = PBXVariantGroup;
			children = (
				E309E9512B60E35500B675A6 /* Base */,
			);
			name = LaunchScreen.storyboard;
			sourceTree = "<group>";
		};
/* End PBXVariantGroup section */

/* Begin XCBuildConfiguration section */
		E309E96A2B60E35600B675A6 /* Debug */ = {
			isa = XCBuildConfiguration;
			buildSettings = {
				ALWAYS_SEARCH_USER_PATHS = NO;
				CLANG_ANALYZER_NONNULL = YES;
				CLANG_ANALYZER_NUMBER_OBJECT_CONVERSION = YES_AGGRESSIVE;
				CLANG_CXX_LANGUAGE_STANDARD = "gnu++20";
				CLANG_ENABLE_MODULES = YES;
				CLANG_ENABLE_OBJC_ARC = YES;
				CLANG_ENABLE_OBJC_WEAK = YES;
				CLANG_WARN_BLOCK_CAPTURE_AUTORELEASING = YES;
				CLANG_WARN_BOOL_CONVERSION = YES;
				CLANG_WARN_COMMA = YES;
				CLANG_WARN_CONSTANT_CONVERSION = YES;
				CLANG_WARN_DEPRECATED_OBJC_IMPLEMENTATIONS = YES;
				CLANG_WARN_DIRECT_OBJC_ISA_USAGE = YES_ERROR;
				CLANG_WARN_DOCUMENTATION_COMMENTS = YES;
				CLANG_WARN_EMPTY_BODY = YES;
				CLANG_WARN_ENUM_CONVERSION = YES;
				CLANG_WARN_INFINITE_RECURSION = YES;
				CLANG_WARN_INT_CONVERSION = YES;
				CLANG_WARN_NON_LITERAL_NULL_CONVERSION = YES;
				CLANG_WARN_OBJC_IMPLICIT_RETAIN_SELF = YES;
				CLANG_WARN_OBJC_LITERAL_CONVERSION = YES;
				CLANG_WARN_OBJC_ROOT_CLASS = YES_ERROR;
				CLANG_WARN_QUOTED_INCLUDE_IN_FRAMEWORK_HEADER = YES;
				CLANG_WARN_RANGE_LOOP_ANALYSIS = YES;
				CLANG_WARN_STRICT_PROTOTYPES = YES;
				CLANG_WARN_SUSPICIOUS_MOVE = YES;
				CLANG_WARN_UNGUARDED_AVAILABILITY = YES_AGGRESSIVE;
				CLANG_WARN_UNREACHABLE_CODE = YES;
				CLANG_WARN__DUPLICATE_METHOD_MATCH = YES;
				COPY_PHASE_STRIP = NO;
				DEBUG_INFORMATION_FORMAT = dwarf;
				ENABLE_STRICT_OBJC_MSGSEND = YES;
				ENABLE_TESTABILITY = YES;
				GCC_C_LANGUAGE_STANDARD = gnu11;
				GCC_DYNAMIC_NO_PIC = NO;
				GCC_NO_COMMON_BLOCKS = YES;
				GCC_OPTIMIZATION_LEVEL = 0;
				GCC_PREPROCESSOR_DEFINITIONS = (
					"DEBUG=1",
					"$(inherited)",
				);
				GCC_WARN_64_TO_32_BIT_CONVERSION = YES;
				GCC_WARN_ABOUT_RETURN_TYPE = YES_ERROR;
				GCC_WARN_UNDECLARED_SELECTOR = YES;
				GCC_WARN_UNINITIALIZED_AUTOS = YES_AGGRESSIVE;
				GCC_WARN_UNUSED_FUNCTION = YES;
				GCC_WARN_UNUSED_VARIABLE = YES;
				IPHONEOS_DEPLOYMENT_TARGET = 16.2;
				MTL_ENABLE_DEBUG_INFO = INCLUDE_SOURCE;
				MTL_FAST_MATH = YES;
				ONLY_ACTIVE_ARCH = YES;
				SDKROOT = iphoneos;
				SWIFT_ACTIVE_COMPILATION_CONDITIONS = DEBUG;
				SWIFT_OPTIMIZATION_LEVEL = "-Onone";
			};
			name = Debug;
		};
		E309E96B2B60E35600B675A6 /* Release */ = {
			isa = XCBuildConfiguration;
			buildSettings = {
				ALWAYS_SEARCH_USER_PATHS = NO;
				CLANG_ANALYZER_NONNULL = YES;
				CLANG_ANALYZER_NUMBER_OBJECT_CONVERSION = YES_AGGRESSIVE;
				CLANG_CXX_LANGUAGE_STANDARD = "gnu++20";
				CLANG_ENABLE_MODULES = YES;
				CLANG_ENABLE_OBJC_ARC = YES;
				CLANG_ENABLE_OBJC_WEAK = YES;
				CLANG_WARN_BLOCK_CAPTURE_AUTORELEASING = YES;
				CLANG_WARN_BOOL_CONVERSION = YES;
				CLANG_WARN_COMMA = YES;
				CLANG_WARN_CONSTANT_CONVERSION = YES;
				CLANG_WARN_DEPRECATED_OBJC_IMPLEMENTATIONS = YES;
				CLANG_WARN_DIRECT_OBJC_ISA_USAGE = YES_ERROR;
				CLANG_WARN_DOCUMENTATION_COMMENTS = YES;
				CLANG_WARN_EMPTY_BODY = YES;
				CLANG_WARN_ENUM_CONVERSION = YES;
				CLANG_WARN_INFINITE_RECURSION = YES;
				CLANG_WARN_INT_CONVERSION = YES;
				CLANG_WARN_NON_LITERAL_NULL_CONVERSION = YES;
				CLANG_WARN_OBJC_IMPLICIT_RETAIN_SELF = YES;
				CLANG_WARN_OBJC_LITERAL_CONVERSION = YES;
				CLANG_WARN_OBJC_ROOT_CLASS = YES_ERROR;
				CLANG_WARN_QUOTED_INCLUDE_IN_FRAMEWORK_HEADER = YES;
				CLANG_WARN_RANGE_LOOP_ANALYSIS = YES;
				CLANG_WARN_STRICT_PROTOTYPES = YES;
				CLANG_WARN_SUSPICIOUS_MOVE = YES;
				CLANG_WARN_UNGUARDED_AVAILABILITY = YES_AGGRESSIVE;
				CLANG_WARN_UNREACHABLE_CODE = YES;
				CLANG_WARN__DUPLICATE_METHOD_MATCH = YES;
				COPY_PHASE_STRIP = NO;
				DEBUG_INFORMATION_FORMAT = "dwarf-with-dsym";
				ENABLE_NS_ASSERTIONS = NO;
				ENABLE_STRICT_OBJC_MSGSEND = YES;
				GCC_C_LANGUAGE_STANDARD = gnu11;
				GCC_NO_COMMON_BLOCKS = YES;
				GCC_WARN_64_TO_32_BIT_CONVERSION = YES;
				GCC_WARN_ABOUT_RETURN_TYPE = YES_ERROR;
				GCC_WARN_UNDECLARED_SELECTOR = YES;
				GCC_WARN_UNINITIALIZED_AUTOS = YES_AGGRESSIVE;
				GCC_WARN_UNUSED_FUNCTION = YES;
				GCC_WARN_UNUSED_VARIABLE = YES;
				IPHONEOS_DEPLOYMENT_TARGET = 16.2;
				MTL_ENABLE_DEBUG_INFO = NO;
				MTL_FAST_MATH = YES;
				SDKROOT = iphoneos;
				SWIFT_COMPILATION_MODE = wholemodule;
				SWIFT_OPTIMIZATION_LEVEL = "-O";
				VALIDATE_PRODUCT = YES;
			};
			name = Release;
		};
		E309E96D2B60E35600B675A6 /* Debug */ = {
			isa = XCBuildConfiguration;
			buildSettings = {
				ASSETCATALOG_COMPILER_APPICON_NAME = AppIcon;
				ASSETCATALOG_COMPILER_GLOBAL_ACCENT_COLOR_NAME = AccentColor;
				CODE_SIGN_STYLE = Automatic;
				CURRENT_PROJECT_VERSION = 1;
				GENERATE_INFOPLIST_FILE = YES;
				INFOPLIST_FILE = Lesson5/Info.plist;
				INFOPLIST_KEY_UIApplicationSupportsIndirectInputEvents = YES;
				INFOPLIST_KEY_UILaunchStoryboardName = LaunchScreen;
				INFOPLIST_KEY_UIMainStoryboardFile = Main;
				INFOPLIST_KEY_UISupportedInterfaceOrientations_iPad = "UIInterfaceOrientationPortrait UIInterfaceOrientationPortraitUpsideDown UIInterfaceOrientationLandscapeLeft UIInterfaceOrientationLandscapeRight";
				INFOPLIST_KEY_UISupportedInterfaceOrientations_iPhone = "UIInterfaceOrientationPortrait UIInterfaceOrientationLandscapeLeft UIInterfaceOrientationLandscapeRight";
				LD_RUNPATH_SEARCH_PATHS = (
					"$(inherited)",
					"@executable_path/Frameworks",
				);
				MARKETING_VERSION = 1.0;
				PRODUCT_BUNDLE_IDENTIFIER = come.QuangNH.Lesson5;
				PRODUCT_NAME = "$(TARGET_NAME)";
				SWIFT_EMIT_LOC_STRINGS = YES;
				SWIFT_VERSION = 5.0;
				TARGETED_DEVICE_FAMILY = "1,2";
			};
			name = Debug;
		};
		E309E96E2B60E35600B675A6 /* Release */ = {
			isa = XCBuildConfiguration;
			buildSettings = {
				ASSETCATALOG_COMPILER_APPICON_NAME = AppIcon;
				ASSETCATALOG_COMPILER_GLOBAL_ACCENT_COLOR_NAME = AccentColor;
				CODE_SIGN_STYLE = Automatic;
				CURRENT_PROJECT_VERSION = 1;
				GENERATE_INFOPLIST_FILE = YES;
				INFOPLIST_FILE = Lesson5/Info.plist;
				INFOPLIST_KEY_UIApplicationSupportsIndirectInputEvents = YES;
				INFOPLIST_KEY_UILaunchStoryboardName = LaunchScreen;
				INFOPLIST_KEY_UIMainStoryboardFile = Main;
				INFOPLIST_KEY_UISupportedInterfaceOrientations_iPad = "UIInterfaceOrientationPortrait UIInterfaceOrientationPortraitUpsideDown UIInterfaceOrientationLandscapeLeft UIInterfaceOrientationLandscapeRight";
				INFOPLIST_KEY_UISupportedInterfaceOrientations_iPhone = "UIInterfaceOrientationPortrait UIInterfaceOrientationLandscapeLeft UIInterfaceOrientationLandscapeRight";
				LD_RUNPATH_SEARCH_PATHS = (
					"$(inherited)",
					"@executable_path/Frameworks",
				);
				MARKETING_VERSION = 1.0;
				PRODUCT_BUNDLE_IDENTIFIER = come.QuangNH.Lesson5;
				PRODUCT_NAME = "$(TARGET_NAME)";
				SWIFT_EMIT_LOC_STRINGS = YES;
				SWIFT_VERSION = 5.0;
				TARGETED_DEVICE_FAMILY = "1,2";
			};
			name = Release;
		};
		E309E9702B60E35600B675A6 /* Debug */ = {
			isa = XCBuildConfiguration;
			buildSettings = {
				ALWAYS_EMBED_SWIFT_STANDARD_LIBRARIES = YES;
				BUNDLE_LOADER = "$(TEST_HOST)";
				CODE_SIGN_STYLE = Automatic;
				CURRENT_PROJECT_VERSION = 1;
				GENERATE_INFOPLIST_FILE = YES;
				IPHONEOS_DEPLOYMENT_TARGET = 16.2;
				MARKETING_VERSION = 1.0;
				PRODUCT_BUNDLE_IDENTIFIER = come.QuangNH.Lesson5Tests;
				PRODUCT_NAME = "$(TARGET_NAME)";
				SWIFT_EMIT_LOC_STRINGS = NO;
				SWIFT_VERSION = 5.0;
				TARGETED_DEVICE_FAMILY = "1,2";
				TEST_HOST = "$(BUILT_PRODUCTS_DIR)/Lesson5.app/$(BUNDLE_EXECUTABLE_FOLDER_PATH)/Lesson5";
			};
			name = Debug;
		};
		E309E9712B60E35600B675A6 /* Release */ = {
			isa = XCBuildConfiguration;
			buildSettings = {
				ALWAYS_EMBED_SWIFT_STANDARD_LIBRARIES = YES;
				BUNDLE_LOADER = "$(TEST_HOST)";
				CODE_SIGN_STYLE = Automatic;
				CURRENT_PROJECT_VERSION = 1;
				GENERATE_INFOPLIST_FILE = YES;
				IPHONEOS_DEPLOYMENT_TARGET = 16.2;
				MARKETING_VERSION = 1.0;
				PRODUCT_BUNDLE_IDENTIFIER = come.QuangNH.Lesson5Tests;
				PRODUCT_NAME = "$(TARGET_NAME)";
				SWIFT_EMIT_LOC_STRINGS = NO;
				SWIFT_VERSION = 5.0;
				TARGETED_DEVICE_FAMILY = "1,2";
				TEST_HOST = "$(BUILT_PRODUCTS_DIR)/Lesson5.app/$(BUNDLE_EXECUTABLE_FOLDER_PATH)/Lesson5";
			};
			name = Release;
		};
		E309E9732B60E35600B675A6 /* Debug */ = {
			isa = XCBuildConfiguration;
			buildSettings = {
				ALWAYS_EMBED_SWIFT_STANDARD_LIBRARIES = YES;
				CODE_SIGN_STYLE = Automatic;
				CURRENT_PROJECT_VERSION = 1;
				GENERATE_INFOPLIST_FILE = YES;
				MARKETING_VERSION = 1.0;
				PRODUCT_BUNDLE_IDENTIFIER = come.QuangNH.Lesson5UITests;
				PRODUCT_NAME = "$(TARGET_NAME)";
				SWIFT_EMIT_LOC_STRINGS = NO;
				SWIFT_VERSION = 5.0;
				TARGETED_DEVICE_FAMILY = "1,2";
				TEST_TARGET_NAME = Lesson5;
			};
			name = Debug;
		};
		E309E9742B60E35600B675A6 /* Release */ = {
			isa = XCBuildConfiguration;
			buildSettings = {
				ALWAYS_EMBED_SWIFT_STANDARD_LIBRARIES = YES;
				CODE_SIGN_STYLE = Automatic;
				CURRENT_PROJECT_VERSION = 1;
				GENERATE_INFOPLIST_FILE = YES;
				MARKETING_VERSION = 1.0;
				PRODUCT_BUNDLE_IDENTIFIER = come.QuangNH.Lesson5UITests;
				PRODUCT_NAME = "$(TARGET_NAME)";
				SWIFT_EMIT_LOC_STRINGS = NO;
				SWIFT_VERSION = 5.0;
				TARGETED_DEVICE_FAMILY = "1,2";
				TEST_TARGET_NAME = Lesson5;
			};
			name = Release;
		};
/* End XCBuildConfiguration section */

/* Begin XCConfigurationList section */
		E309E93D2B60E35500B675A6 /* Build configuration list for PBXProject "Lesson5" */ = {
			isa = XCConfigurationList;
			buildConfigurations = (
				E309E96A2B60E35600B675A6 /* Debug */,
				E309E96B2B60E35600B675A6 /* Release */,
			);
			defaultConfigurationIsVisible = 0;
			defaultConfigurationName = Release;
		};
		E309E96C2B60E35600B675A6 /* Build configuration list for PBXNativeTarget "Lesson5" */ = {
			isa = XCConfigurationList;
			buildConfigurations = (
				E309E96D2B60E35600B675A6 /* Debug */,
				E309E96E2B60E35600B675A6 /* Release */,
			);
			defaultConfigurationIsVisible = 0;
			defaultConfigurationName = Release;
		};
		E309E96F2B60E35600B675A6 /* Build configuration list for PBXNativeTarget "Lesson5Tests" */ = {
			isa = XCConfigurationList;
			buildConfigurations = (
				E309E9702B60E35600B675A6 /* Debug */,
				E309E9712B60E35600B675A6 /* Release */,
			);
			defaultConfigurationIsVisible = 0;
			defaultConfigurationName = Release;
		};
		E309E9722B60E35600B675A6 /* Build configuration list for PBXNativeTarget "Lesson5UITests" */ = {
			isa = XCConfigurationList;
			buildConfigurations = (
				E309E9732B60E35600B675A6 /* Debug */,
				E309E9742B60E35600B675A6 /* Release */,
			);
			defaultConfigurationIsVisible = 0;
			defaultConfigurationName = Release;
		};
/* End XCConfigurationList section */
	};
	rootObject = E309E93A2B60E35500B675A6 /* Project object */;
}
