// !$*UTF8*$!
{
	archiveVersion = 1;
	classes = {
	};
	objectVersion = 56;
	objects = {

/* Begin PBXBuildFile section */
		E358C9162B6791C300FDECE5 /* AppDelegate.swift in Sources */ = {isa = PBXBuildFile; fileRef = E358C9152B6791C300FDECE5 /* AppDelegate.swift */; };
		E358C9182B6791C300FDECE5 /* SceneDelegate.swift in Sources */ = {isa = PBXBuildFile; fileRef = E358C9172B6791C300FDECE5 /* SceneDelegate.swift */; };
		E358C91A2B6791C300FDECE5 /* ViewController.swift in Sources */ = {isa = PBXBuildFile; fileRef = E358C9192B6791C300FDECE5 /* ViewController.swift */; };
		E358C91D2B6791C300FDECE5 /* Main.storyboard in Resources */ = {isa = PBXBuildFile; fileRef = E358C91B2B6791C300FDECE5 /* Main.storyboard */; };
		E358C91F2B6791C300FDECE5 /* Assets.xcassets in Resources */ = {isa = PBXBuildFile; fileRef = E358C91E2B6791C300FDECE5 /* Assets.xcassets */; };
		E358C9222B6791C300FDECE5 /* LaunchScreen.storyboard in Resources */ = {isa = PBXBuildFile; fileRef = E358C9202B6791C300FDECE5 /* LaunchScreen.storyboard */; };
		E358C92D2B6791C300FDECE5 /* PassData2ExTests.swift in Sources */ = {isa = PBXBuildFile; fileRef = E358C92C2B6791C300FDECE5 /* PassData2ExTests.swift */; };
		E358C9372B6791C300FDECE5 /* PassData2ExUITests.swift in Sources */ = {isa = PBXBuildFile; fileRef = E358C9362B6791C300FDECE5 /* PassData2ExUITests.swift */; };
		E358C9392B6791C300FDECE5 /* PassData2ExUITestsLaunchTests.swift in Sources */ = {isa = PBXBuildFile; fileRef = E358C9382B6791C300FDECE5 /* PassData2ExUITestsLaunchTests.swift */; };
/* End PBXBuildFile section */

/* Begin PBXContainerItemProxy section */
		E358C9292B6791C300FDECE5 /* PBXContainerItemProxy */ = {
			isa = PBXContainerItemProxy;
			containerPortal = E358C90A2B6791C300FDECE5 /* Project object */;
			proxyType = 1;
			remoteGlobalIDString = E358C9112B6791C300FDECE5;
			remoteInfo = PassData2Ex;
		};
		E358C9332B6791C300FDECE5 /* PBXContainerItemProxy */ = {
			isa = PBXContainerItemProxy;
			containerPortal = E358C90A2B6791C300FDECE5 /* Project object */;
			proxyType = 1;
			remoteGlobalIDString = E358C9112B6791C300FDECE5;
			remoteInfo = PassData2Ex;
		};
/* End PBXContainerItemProxy section */

/* Begin PBXFileReference section */
		E358C9122B6791C300FDECE5 /* PassData2Ex.app */ = {isa = PBXFileReference; explicitFileType = wrapper.application; includeInIndex = 0; path = PassData2Ex.app; sourceTree = BUILT_PRODUCTS_DIR; };
		E358C9152B6791C300FDECE5 /* AppDelegate.swift */ = {isa = PBXFileReference; lastKnownFileType = sourcecode.swift; path = AppDelegate.swift; sourceTree = "<group>"; };
		E358C9172B6791C300FDECE5 /* SceneDelegate.swift */ = {isa = PBXFileReference; lastKnownFileType = sourcecode.swift; path = SceneDelegate.swift; sourceTree = "<group>"; };
		E358C9192B6791C300FDECE5 /* ViewController.swift */ = {isa = PBXFileReference; lastKnownFileType = sourcecode.swift; path = ViewController.swift; sourceTree = "<group>"; };
		E358C91C2B6791C300FDECE5 /* Base */ = {isa = PBXFileReference; lastKnownFileType = file.storyboard; name = Base; path = Base.lproj/Main.storyboard; sourceTree = "<group>"; };
		E358C91E2B6791C300FDECE5 /* Assets.xcassets */ = {isa = PBXFileReference; lastKnownFileType = folder.assetcatalog; path = Assets.xcassets; sourceTree = "<group>"; };
		E358C9212B6791C300FDECE5 /* Base */ = {isa = PBXFileReference; lastKnownFileType = file.storyboard; name = Base; path = Base.lproj/LaunchScreen.storyboard; sourceTree = "<group>"; };
		E358C9232B6791C300FDECE5 /* Info.plist */ = {isa = PBXFileReference; lastKnownFileType = text.plist.xml; path = Info.plist; sourceTree = "<group>"; };
		E358C9282B6791C300FDECE5 /* PassData2ExTests.xctest */ = {isa = PBXFileReference; explicitFileType = wrapper.cfbundle; includeInIndex = 0; path = PassData2ExTests.xctest; sourceTree = BUILT_PRODUCTS_DIR; };
		E358C92C2B6791C300FDECE5 /* PassData2ExTests.swift */ = {isa = PBXFileReference; lastKnownFileType = sourcecode.swift; path = PassData2ExTests.swift; sourceTree = "<group>"; };
		E358C9322B6791C300FDECE5 /* PassData2ExUITests.xctest */ = {isa = PBXFileReference; explicitFileType = wrapper.cfbundle; includeInIndex = 0; path = PassData2ExUITests.xctest; sourceTree = BUILT_PRODUCTS_DIR; };
		E358C9362B6791C300FDECE5 /* PassData2ExUITests.swift */ = {isa = PBXFileReference; lastKnownFileType = sourcecode.swift; path = PassData2ExUITests.swift; sourceTree = "<group>"; };
		E358C9382B6791C300FDECE5 /* PassData2ExUITestsLaunchTests.swift */ = {isa = PBXFileReference; lastKnownFileType = sourcecode.swift; path = PassData2ExUITestsLaunchTests.swift; sourceTree = "<group>"; };
/* End PBXFileReference section */

/* Begin PBXFrameworksBuildPhase section */
		E358C90F2B6791C300FDECE5 /* Frameworks */ = {
			isa = PBXFrameworksBuildPhase;
			buildActionMask = 2147483647;
			files = (
			);
			runOnlyForDeploymentPostprocessing = 0;
		};
		E358C9252B6791C300FDECE5 /* Frameworks */ = {
			isa = PBXFrameworksBuildPhase;
			buildActionMask = 2147483647;
			files = (
			);
			runOnlyForDeploymentPostprocessing = 0;
		};
		E358C92F2B6791C300FDECE5 /* Frameworks */ = {
			isa = PBXFrameworksBuildPhase;
			buildActionMask = 2147483647;
			files = (
			);
			runOnlyForDeploymentPostprocessing = 0;
		};
/* End PBXFrameworksBuildPhase section */

/* Begin PBXGroup section */
		E358C9092B6791C300FDECE5 = {
			isa = PBXGroup;
			children = (
				E358C9142B6791C300FDECE5 /* PassData2Ex */,
				E358C92B2B6791C300FDECE5 /* PassData2ExTests */,
				E358C9352B6791C300FDECE5 /* PassData2ExUITests */,
				E358C9132B6791C300FDECE5 /* Products */,
			);
			sourceTree = "<group>";
		};
		E358C9132B6791C300FDECE5 /* Products */ = {
			isa = PBXGroup;
			children = (
				E358C9122B6791C300FDECE5 /* PassData2Ex.app */,
				E358C9282B6791C300FDECE5 /* PassData2ExTests.xctest */,
				E358C9322B6791C300FDECE5 /* PassData2ExUITests.xctest */,
			);
			name = Products;
			sourceTree = "<group>";
		};
		E358C9142B6791C300FDECE5 /* PassData2Ex */ = {
			isa = PBXGroup;
			children = (
				E358C9152B6791C300FDECE5 /* AppDelegate.swift */,
				E358C9172B6791C300FDECE5 /* SceneDelegate.swift */,
				E358C9192B6791C300FDECE5 /* ViewController.swift */,
				E358C91B2B6791C300FDECE5 /* Main.storyboard */,
				E358C91E2B6791C300FDECE5 /* Assets.xcassets */,
				E358C9202B6791C300FDECE5 /* LaunchScreen.storyboard */,
				E358C9232B6791C300FDECE5 /* Info.plist */,
			);
			path = PassData2Ex;
			sourceTree = "<group>";
		};
		E358C92B2B6791C300FDECE5 /* PassData2ExTests */ = {
			isa = PBXGroup;
			children = (
				E358C92C2B6791C300FDECE5 /* PassData2ExTests.swift */,
			);
			path = PassData2ExTests;
			sourceTree = "<group>";
		};
		E358C9352B6791C300FDECE5 /* PassData2ExUITests */ = {
			isa = PBXGroup;
			children = (
				E358C9362B6791C300FDECE5 /* PassData2ExUITests.swift */,
				E358C9382B6791C300FDECE5 /* PassData2ExUITestsLaunchTests.swift */,
			);
			path = PassData2ExUITests;
			sourceTree = "<group>";
		};
/* End PBXGroup section */

/* Begin PBXNativeTarget section */
		E358C9112B6791C300FDECE5 /* PassData2Ex */ = {
			isa = PBXNativeTarget;
			buildConfigurationList = E358C93C2B6791C300FDECE5 /* Build configuration list for PBXNativeTarget "PassData2Ex" */;
			buildPhases = (
				E358C90E2B6791C300FDECE5 /* Sources */,
				E358C90F2B6791C300FDECE5 /* Frameworks */,
				E358C9102B6791C300FDECE5 /* Resources */,
			);
			buildRules = (
			);
			dependencies = (
			);
			name = PassData2Ex;
			productName = PassData2Ex;
			productReference = E358C9122B6791C300FDECE5 /* PassData2Ex.app */;
			productType = "com.apple.product-type.application";
		};
		E358C9272B6791C300FDECE5 /* PassData2ExTests */ = {
			isa = PBXNativeTarget;
			buildConfigurationList = E358C93F2B6791C300FDECE5 /* Build configuration list for PBXNativeTarget "PassData2ExTests" */;
			buildPhases = (
				E358C9242B6791C300FDECE5 /* Sources */,
				E358C9252B6791C300FDECE5 /* Frameworks */,
				E358C9262B6791C300FDECE5 /* Resources */,
			);
			buildRules = (
			);
			dependencies = (
				E358C92A2B6791C300FDECE5 /* PBXTargetDependency */,
			);
			name = PassData2ExTests;
			productName = PassData2ExTests;
			productReference = E358C9282B6791C300FDECE5 /* PassData2ExTests.xctest */;
			productType = "com.apple.product-type.bundle.unit-test";
		};
		E358C9312B6791C300FDECE5 /* PassData2ExUITests */ = {
			isa = PBXNativeTarget;
			buildConfigurationList = E358C9422B6791C300FDECE5 /* Build configuration list for PBXNativeTarget "PassData2ExUITests" */;
			buildPhases = (
				E358C92E2B6791C300FDECE5 /* Sources */,
				E358C92F2B6791C300FDECE5 /* Frameworks */,
				E358C9302B6791C300FDECE5 /* Resources */,
			);
			buildRules = (
			);
			dependencies = (
				E358C9342B6791C300FDECE5 /* PBXTargetDependency */,
			);
			name = PassData2ExUITests;
			productName = PassData2ExUITests;
			productReference = E358C9322B6791C300FDECE5 /* PassData2ExUITests.xctest */;
			productType = "com.apple.product-type.bundle.ui-testing";
		};
/* End PBXNativeTarget section */

/* Begin PBXProject section */
		E358C90A2B6791C300FDECE5 /* Project object */ = {
			isa = PBXProject;
			attributes = {
				BuildIndependentTargetsInParallel = 1;
				LastSwiftUpdateCheck = 1420;
				LastUpgradeCheck = 1420;
				TargetAttributes = {
					E358C9112B6791C300FDECE5 = {
						CreatedOnToolsVersion = 14.2;
					};
					E358C9272B6791C300FDECE5 = {
						CreatedOnToolsVersion = 14.2;
						TestTargetID = E358C9112B6791C300FDECE5;
					};
					E358C9312B6791C300FDECE5 = {
						CreatedOnToolsVersion = 14.2;
						TestTargetID = E358C9112B6791C300FDECE5;
					};
				};
			};
			buildConfigurationList = E358C90D2B6791C300FDECE5 /* Build configuration list for PBXProject "PassData2Ex" */;
			compatibilityVersion = "Xcode 14.0";
			developmentRegion = en;
			hasScannedForEncodings = 0;
			knownRegions = (
				en,
				Base,
			);
			mainGroup = E358C9092B6791C300FDECE5;
			productRefGroup = E358C9132B6791C300FDECE5 /* Products */;
			projectDirPath = "";
			projectRoot = "";
			targets = (
				E358C9112B6791C300FDECE5 /* PassData2Ex */,
				E358C9272B6791C300FDECE5 /* PassData2ExTests */,
				E358C9312B6791C300FDECE5 /* PassData2ExUITests */,
			);
		};
/* End PBXProject section */

/* Begin PBXResourcesBuildPhase section */
		E358C9102B6791C300FDECE5 /* Resources */ = {
			isa = PBXResourcesBuildPhase;
			buildActionMask = 2147483647;
			files = (
				E358C9222B6791C300FDECE5 /* LaunchScreen.storyboard in Resources */,
				E358C91F2B6791C300FDECE5 /* Assets.xcassets in Resources */,
				E358C91D2B6791C300FDECE5 /* Main.storyboard in Resources */,
			);
			runOnlyForDeploymentPostprocessing = 0;
		};
		E358C9262B6791C300FDECE5 /* Resources */ = {
			isa = PBXResourcesBuildPhase;
			buildActionMask = 2147483647;
			files = (
			);
			runOnlyForDeploymentPostprocessing = 0;
		};
		E358C9302B6791C300FDECE5 /* Resources */ = {
			isa = PBXResourcesBuildPhase;
			buildActionMask = 2147483647;
			files = (
			);
			runOnlyForDeploymentPostprocessing = 0;
		};
/* End PBXResourcesBuildPhase section */

/* Begin PBXSourcesBuildPhase section */
		E358C90E2B6791C300FDECE5 /* Sources */ = {
			isa = PBXSourcesBuildPhase;
			buildActionMask = 2147483647;
			files = (
				E358C91A2B6791C300FDECE5 /* ViewController.swift in Sources */,
				E358C9162B6791C300FDECE5 /* AppDelegate.swift in Sources */,
				E358C9182B6791C300FDECE5 /* SceneDelegate.swift in Sources */,
			);
			runOnlyForDeploymentPostprocessing = 0;
		};
		E358C9242B6791C300FDECE5 /* Sources */ = {
			isa = PBXSourcesBuildPhase;
			buildActionMask = 2147483647;
			files = (
				E358C92D2B6791C300FDECE5 /* PassData2ExTests.swift in Sources */,
			);
			runOnlyForDeploymentPostprocessing = 0;
		};
		E358C92E2B6791C300FDECE5 /* Sources */ = {
			isa = PBXSourcesBuildPhase;
			buildActionMask = 2147483647;
			files = (
				E358C9372B6791C300FDECE5 /* PassData2ExUITests.swift in Sources */,
				E358C9392B6791C300FDECE5 /* PassData2ExUITestsLaunchTests.swift in Sources */,
			);
			runOnlyForDeploymentPostprocessing = 0;
		};
/* End PBXSourcesBuildPhase section */

/* Begin PBXTargetDependency section */
		E358C92A2B6791C300FDECE5 /* PBXTargetDependency */ = {
			isa = PBXTargetDependency;
			target = E358C9112B6791C300FDECE5 /* PassData2Ex */;
			targetProxy = E358C9292B6791C300FDECE5 /* PBXContainerItemProxy */;
		};
		E358C9342B6791C300FDECE5 /* PBXTargetDependency */ = {
			isa = PBXTargetDependency;
			target = E358C9112B6791C300FDECE5 /* PassData2Ex */;
			targetProxy = E358C9332B6791C300FDECE5 /* PBXContainerItemProxy */;
		};
/* End PBXTargetDependency section */

/* Begin PBXVariantGroup section */
		E358C91B2B6791C300FDECE5 /* Main.storyboard */ = {
			isa = PBXVariantGroup;
			children = (
				E358C91C2B6791C300FDECE5 /* Base */,
			);
			name = Main.storyboard;
			sourceTree = "<group>";
		};
		E358C9202B6791C300FDECE5 /* LaunchScreen.storyboard */ = {
			isa = PBXVariantGroup;
			children = (
				E358C9212B6791C300FDECE5 /* Base */,
			);
			name = LaunchScreen.storyboard;
			sourceTree = "<group>";
		};
/* End PBXVariantGroup section */

/* Begin XCBuildConfiguration section */
		E358C93A2B6791C300FDECE5 /* Debug */ = {
			isa = XCBuildConfiguration;
			buildSettings = {
				ALWAYS_SEARCH_USER_PATHS = NO;
				CLANG_ANALYZER_NONNULL = YES;
				CLANG_ANALYZER_NUMBER_OBJECT_CONVERSION = YES_AGGRESSIVE;
				CLANG_CXX_LANGUAGE_STANDARD = "gnu++20";
				CLANG_ENABLE_MODULES = YES;
				CLANG_ENABLE_OBJC_ARC = YES;
				CLANG_ENABLE_OBJC_WEAK = YES;
				CLANG_WARN_BLOCK_CAPTURE_AUTORELEASING = YES;
				CLANG_WARN_BOOL_CONVERSION = YES;
				CLANG_WARN_COMMA = YES;
				CLANG_WARN_CONSTANT_CONVERSION = YES;
				CLANG_WARN_DEPRECATED_OBJC_IMPLEMENTATIONS = YES;
				CLANG_WARN_DIRECT_OBJC_ISA_USAGE = YES_ERROR;
				CLANG_WARN_DOCUMENTATION_COMMENTS = YES;
				CLANG_WARN_EMPTY_BODY = YES;
				CLANG_WARN_ENUM_CONVERSION = YES;
				CLANG_WARN_INFINITE_RECURSION = YES;
				CLANG_WARN_INT_CONVERSION = YES;
				CLANG_WARN_NON_LITERAL_NULL_CONVERSION = YES;
				CLANG_WARN_OBJC_IMPLICIT_RETAIN_SELF = YES;
				CLANG_WARN_OBJC_LITERAL_CONVERSION = YES;
				CLANG_WARN_OBJC_ROOT_CLASS = YES_ERROR;
				CLANG_WARN_QUOTED_INCLUDE_IN_FRAMEWORK_HEADER = YES;
				CLANG_WARN_RANGE_LOOP_ANALYSIS = YES;
				CLANG_WARN_STRICT_PROTOTYPES = YES;
				CLANG_WARN_SUSPICIOUS_MOVE = YES;
				CLANG_WARN_UNGUARDED_AVAILABILITY = YES_AGGRESSIVE;
				CLANG_WARN_UNREACHABLE_CODE = YES;
				CLANG_WARN__DUPLICATE_METHOD_MATCH = YES;
				COPY_PHASE_STRIP = NO;
				DEBUG_INFORMATION_FORMAT = dwarf;
				ENABLE_STRICT_OBJC_MSGSEND = YES;
				ENABLE_TESTABILITY = YES;
				GCC_C_LANGUAGE_STANDARD = gnu11;
				GCC_DYNAMIC_NO_PIC = NO;
				GCC_NO_COMMON_BLOCKS = YES;
				GCC_OPTIMIZATION_LEVEL = 0;
				GCC_PREPROCESSOR_DEFINITIONS = (
					"DEBUG=1",
					"$(inherited)",
				);
				GCC_WARN_64_TO_32_BIT_CONVERSION = YES;
				GCC_WARN_ABOUT_RETURN_TYPE = YES_ERROR;
				GCC_WARN_UNDECLARED_SELECTOR = YES;
				GCC_WARN_UNINITIALIZED_AUTOS = YES_AGGRESSIVE;
				GCC_WARN_UNUSED_FUNCTION = YES;
				GCC_WARN_UNUSED_VARIABLE = YES;
				IPHONEOS_DEPLOYMENT_TARGET = 16.2;
				MTL_ENABLE_DEBUG_INFO = INCLUDE_SOURCE;
				MTL_FAST_MATH = YES;
				ONLY_ACTIVE_ARCH = YES;
				SDKROOT = iphoneos;
				SWIFT_ACTIVE_COMPILATION_CONDITIONS = DEBUG;
				SWIFT_OPTIMIZATION_LEVEL = "-Onone";
			};
			name = Debug;
		};
		E358C93B2B6791C300FDECE5 /* Release */ = {
			isa = XCBuildConfiguration;
			buildSettings = {
				ALWAYS_SEARCH_USER_PATHS = NO;
				CLANG_ANALYZER_NONNULL = YES;
				CLANG_ANALYZER_NUMBER_OBJECT_CONVERSION = YES_AGGRESSIVE;
				CLANG_CXX_LANGUAGE_STANDARD = "gnu++20";
				CLANG_ENABLE_MODULES = YES;
				CLANG_ENABLE_OBJC_ARC = YES;
				CLANG_ENABLE_OBJC_WEAK = YES;
				CLANG_WARN_BLOCK_CAPTURE_AUTORELEASING = YES;
				CLANG_WARN_BOOL_CONVERSION = YES;
				CLANG_WARN_COMMA = YES;
				CLANG_WARN_CONSTANT_CONVERSION = YES;
				CLANG_WARN_DEPRECATED_OBJC_IMPLEMENTATIONS = YES;
				CLANG_WARN_DIRECT_OBJC_ISA_USAGE = YES_ERROR;
				CLANG_WARN_DOCUMENTATION_COMMENTS = YES;
				CLANG_WARN_EMPTY_BODY = YES;
				CLANG_WARN_ENUM_CONVERSION = YES;
				CLANG_WARN_INFINITE_RECURSION = YES;
				CLANG_WARN_INT_CONVERSION = YES;
				CLANG_WARN_NON_LITERAL_NULL_CONVERSION = YES;
				CLANG_WARN_OBJC_IMPLICIT_RETAIN_SELF = YES;
				CLANG_WARN_OBJC_LITERAL_CONVERSION = YES;
				CLANG_WARN_OBJC_ROOT_CLASS = YES_ERROR;
				CLANG_WARN_QUOTED_INCLUDE_IN_FRAMEWORK_HEADER = YES;
				CLANG_WARN_RANGE_LOOP_ANALYSIS = YES;
				CLANG_WARN_STRICT_PROTOTYPES = YES;
				CLANG_WARN_SUSPICIOUS_MOVE = YES;
				CLANG_WARN_UNGUARDED_AVAILABILITY = YES_AGGRESSIVE;
				CLANG_WARN_UNREACHABLE_CODE = YES;
				CLANG_WARN__DUPLICATE_METHOD_MATCH = YES;
				COPY_PHASE_STRIP = NO;
				DEBUG_INFORMATION_FORMAT = "dwarf-with-dsym";
				ENABLE_NS_ASSERTIONS = NO;
				ENABLE_STRICT_OBJC_MSGSEND = YES;
				GCC_C_LANGUAGE_STANDARD = gnu11;
				GCC_NO_COMMON_BLOCKS = YES;
				GCC_WARN_64_TO_32_BIT_CONVERSION = YES;
				GCC_WARN_ABOUT_RETURN_TYPE = YES_ERROR;
				GCC_WARN_UNDECLARED_SELECTOR = YES;
				GCC_WARN_UNINITIALIZED_AUTOS = YES_AGGRESSIVE;
				GCC_WARN_UNUSED_FUNCTION = YES;
				GCC_WARN_UNUSED_VARIABLE = YES;
				IPHONEOS_DEPLOYMENT_TARGET = 16.2;
				MTL_ENABLE_DEBUG_INFO = NO;
				MTL_FAST_MATH = YES;
				SDKROOT = iphoneos;
				SWIFT_COMPILATION_MODE = wholemodule;
				SWIFT_OPTIMIZATION_LEVEL = "-O";
				VALIDATE_PRODUCT = YES;
			};
			name = Release;
		};
		E358C93D2B6791C300FDECE5 /* Debug */ = {
			isa = XCBuildConfiguration;
			buildSettings = {
				ASSETCATALOG_COMPILER_APPICON_NAME = AppIcon;
				ASSETCATALOG_COMPILER_GLOBAL_ACCENT_COLOR_NAME = AccentColor;
				CODE_SIGN_STYLE = Automatic;
				CURRENT_PROJECT_VERSION = 1;
				GENERATE_INFOPLIST_FILE = YES;
				INFOPLIST_FILE = PassData2Ex/Info.plist;
				INFOPLIST_KEY_UIApplicationSupportsIndirectInputEvents = YES;
				INFOPLIST_KEY_UILaunchStoryboardName = LaunchScreen;
				INFOPLIST_KEY_UIMainStoryboardFile = Main;
				INFOPLIST_KEY_UISupportedInterfaceOrientations_iPad = "UIInterfaceOrientationPortrait UIInterfaceOrientationPortraitUpsideDown UIInterfaceOrientationLandscapeLeft UIInterfaceOrientationLandscapeRight";
				INFOPLIST_KEY_UISupportedInterfaceOrientations_iPhone = "UIInterfaceOrientationPortrait UIInterfaceOrientationLandscapeLeft UIInterfaceOrientationLandscapeRight";
				LD_RUNPATH_SEARCH_PATHS = (
					"$(inherited)",
					"@executable_path/Frameworks",
				);
				MARKETING_VERSION = 1.0;
				PRODUCT_BUNDLE_IDENTIFIER = come.QuangNH.PassData2Ex;
				PRODUCT_NAME = "$(TARGET_NAME)";
				SWIFT_EMIT_LOC_STRINGS = YES;
				SWIFT_VERSION = 5.0;
				TARGETED_DEVICE_FAMILY = "1,2";
			};
			name = Debug;
		};
		E358C93E2B6791C300FDECE5 /* Release */ = {
			isa = XCBuildConfiguration;
			buildSettings = {
				ASSETCATALOG_COMPILER_APPICON_NAME = AppIcon;
				ASSETCATALOG_COMPILER_GLOBAL_ACCENT_COLOR_NAME = AccentColor;
				CODE_SIGN_STYLE = Automatic;
				CURRENT_PROJECT_VERSION = 1;
				GENERATE_INFOPLIST_FILE = YES;
				INFOPLIST_FILE = PassData2Ex/Info.plist;
				INFOPLIST_KEY_UIApplicationSupportsIndirectInputEvents = YES;
				INFOPLIST_KEY_UILaunchStoryboardName = LaunchScreen;
				INFOPLIST_KEY_UIMainStoryboardFile = Main;
				INFOPLIST_KEY_UISupportedInterfaceOrientations_iPad = "UIInterfaceOrientationPortrait UIInterfaceOrientationPortraitUpsideDown UIInterfaceOrientationLandscapeLeft UIInterfaceOrientationLandscapeRight";
				INFOPLIST_KEY_UISupportedInterfaceOrientations_iPhone = "UIInterfaceOrientationPortrait UIInterfaceOrientationLandscapeLeft UIInterfaceOrientationLandscapeRight";
				LD_RUNPATH_SEARCH_PATHS = (
					"$(inherited)",
					"@executable_path/Frameworks",
				);
				MARKETING_VERSION = 1.0;
				PRODUCT_BUNDLE_IDENTIFIER = come.QuangNH.PassData2Ex;
				PRODUCT_NAME = "$(TARGET_NAME)";
				SWIFT_EMIT_LOC_STRINGS = YES;
				SWIFT_VERSION = 5.0;
				TARGETED_DEVICE_FAMILY = "1,2";
			};
			name = Release;
		};
		E358C9402B6791C300FDECE5 /* Debug */ = {
			isa = XCBuildConfiguration;
			buildSettings = {
				ALWAYS_EMBED_SWIFT_STANDARD_LIBRARIES = YES;
				BUNDLE_LOADER = "$(TEST_HOST)";
				CODE_SIGN_STYLE = Automatic;
				CURRENT_PROJECT_VERSION = 1;
				GENERATE_INFOPLIST_FILE = YES;
				IPHONEOS_DEPLOYMENT_TARGET = 16.2;
				MARKETING_VERSION = 1.0;
				PRODUCT_BUNDLE_IDENTIFIER = come.QuangNH.PassData2ExTests;
				PRODUCT_NAME = "$(TARGET_NAME)";
				SWIFT_EMIT_LOC_STRINGS = NO;
				SWIFT_VERSION = 5.0;
				TARGETED_DEVICE_FAMILY = "1,2";
				TEST_HOST = "$(BUILT_PRODUCTS_DIR)/PassData2Ex.app/$(BUNDLE_EXECUTABLE_FOLDER_PATH)/PassData2Ex";
			};
			name = Debug;
		};
		E358C9412B6791C300FDECE5 /* Release */ = {
			isa = XCBuildConfiguration;
			buildSettings = {
				ALWAYS_EMBED_SWIFT_STANDARD_LIBRARIES = YES;
				BUNDLE_LOADER = "$(TEST_HOST)";
				CODE_SIGN_STYLE = Automatic;
				CURRENT_PROJECT_VERSION = 1;
				GENERATE_INFOPLIST_FILE = YES;
				IPHONEOS_DEPLOYMENT_TARGET = 16.2;
				MARKETING_VERSION = 1.0;
				PRODUCT_BUNDLE_IDENTIFIER = come.QuangNH.PassData2ExTests;
				PRODUCT_NAME = "$(TARGET_NAME)";
				SWIFT_EMIT_LOC_STRINGS = NO;
				SWIFT_VERSION = 5.0;
				TARGETED_DEVICE_FAMILY = "1,2";
				TEST_HOST = "$(BUILT_PRODUCTS_DIR)/PassData2Ex.app/$(BUNDLE_EXECUTABLE_FOLDER_PATH)/PassData2Ex";
			};
			name = Release;
		};
		E358C9432B6791C300FDECE5 /* Debug */ = {
			isa = XCBuildConfiguration;
			buildSettings = {
				ALWAYS_EMBED_SWIFT_STANDARD_LIBRARIES = YES;
				CODE_SIGN_STYLE = Automatic;
				CURRENT_PROJECT_VERSION = 1;
				GENERATE_INFOPLIST_FILE = YES;
				MARKETING_VERSION = 1.0;
				PRODUCT_BUNDLE_IDENTIFIER = come.QuangNH.PassData2ExUITests;
				PRODUCT_NAME = "$(TARGET_NAME)";
				SWIFT_EMIT_LOC_STRINGS = NO;
				SWIFT_VERSION = 5.0;
				TARGETED_DEVICE_FAMILY = "1,2";
				TEST_TARGET_NAME = PassData2Ex;
			};
			name = Debug;
		};
		E358C9442B6791C300FDECE5 /* Release */ = {
			isa = XCBuildConfiguration;
			buildSettings = {
				ALWAYS_EMBED_SWIFT_STANDARD_LIBRARIES = YES;
				CODE_SIGN_STYLE = Automatic;
				CURRENT_PROJECT_VERSION = 1;
				GENERATE_INFOPLIST_FILE = YES;
				MARKETING_VERSION = 1.0;
				PRODUCT_BUNDLE_IDENTIFIER = come.QuangNH.PassData2ExUITests;
				PRODUCT_NAME = "$(TARGET_NAME)";
				SWIFT_EMIT_LOC_STRINGS = NO;
				SWIFT_VERSION = 5.0;
				TARGETED_DEVICE_FAMILY = "1,2";
				TEST_TARGET_NAME = PassData2Ex;
			};
			name = Release;
		};
/* End XCBuildConfiguration section */

/* Begin XCConfigurationList section */
		E358C90D2B6791C300FDECE5 /* Build configuration list for PBXProject "PassData2Ex" */ = {
			isa = XCConfigurationList;
			buildConfigurations = (
				E358C93A2B6791C300FDECE5 /* Debug */,
				E358C93B2B6791C300FDECE5 /* Release */,
			);
			defaultConfigurationIsVisible = 0;
			defaultConfigurationName = Release;
		};
		E358C93C2B6791C300FDECE5 /* Build configuration list for PBXNativeTarget "PassData2Ex" */ = {
			isa = XCConfigurationList;
			buildConfigurations = (
				E358C93D2B6791C300FDECE5 /* Debug */,
				E358C93E2B6791C300FDECE5 /* Release */,
			);
			defaultConfigurationIsVisible = 0;
			defaultConfigurationName = Release;
		};
		E358C93F2B6791C300FDECE5 /* Build configuration list for PBXNativeTarget "PassData2ExTests" */ = {
			isa = XCConfigurationList;
			buildConfigurations = (
				E358C9402B6791C300FDECE5 /* Debug */,
				E358C9412B6791C300FDECE5 /* Release */,
			);
			defaultConfigurationIsVisible = 0;
			defaultConfigurationName = Release;
		};
		E358C9422B6791C300FDECE5 /* Build configuration list for PBXNativeTarget "PassData2ExUITests" */ = {
			isa = XCConfigurationList;
			buildConfigurations = (
				E358C9432B6791C300FDECE5 /* Debug */,
				E358C9442B6791C300FDECE5 /* Release */,
			);
			defaultConfigurationIsVisible = 0;
			defaultConfigurationName = Release;
		};
/* End XCConfigurationList section */
	};
	rootObject = E358C90A2B6791C300FDECE5 /* Project object */;
}
