PODS:
  - IQKeyboardManager (6.5.17)
  - Toast-Swift (5.1.0)

DEPENDENCIES:
  - IQKeyboardManager
  - Toast-Swift (~> 5.1.0)

SPEC REPOS:
  trunk:
    - IQKeyboardManager
    - Toast-Swift

SPEC CHECKSUMS:
  IQKeyboardManager: 904d013844bbae0abe073f015487bfebe5476335
  Toast-Swift: dd369e68ee529f542c65bd0d0c6c50cd743cf6f2

PODFILE CHECKSUM: 8c5568653f36a6712f2ed6a28142b7afc7ceb791

COCOAPODS: 1.15.0
